
Microsoft Visual Studio Solution File, Format Version 11.00
# Visual Studio 2010
Project("{FAE04EC0-301F-11D3-BF4B-00C04F79EFBC}") = "CyberStitchTester", "CyberStitchTester.csproj", "{889C54E2-0039-4413-9FF7-804880438C03}"
EndProject
Project("{2150E333-8FDC-42A3-9474-1A3956D46DE8}") = "Build", "Build", "{83A6E92A-C9C4-4634-B1E7-357467A9340E}"
	ProjectSection(SolutionItems) = preProject
		..\..\..\build.proj = ..\..\..\build.proj
		..\..\..\license.rtf = ..\..\..\license.rtf
		..\..\..\regression.bat = ..\..\..\regression.bat
		..\..\..\release_notes.htm = ..\..\..\release_notes.htm
	EndProjectSection
EndProject
Project("{8BC9CEB8-8B4A-11D0-8D11-00A0C91BC942}") = "GetExternalDeps", "..\..\GetExternalDeps\GetExternalDeps.vcxproj", "{7B804D93-5BED-44B3-94E6-4CC7F32F3B07}"
EndProject
Project("{8BC9CEB8-8B4A-11D0-8D11-00A0C91BC942}") = "ImageDefines", "..\..\logic\ImageDefines\ImageDefines.vcxproj", "{2FF0A361-FC84-437C-95C9-7BF9B637AAC9}"
	ProjectSection(ProjectDependencies) = postProject
		{7B804D93-5BED-44B3-94E6-4CC7F32F3B07} = {7B804D93-5BED-44B3-94E6-4CC7F32F3B07}
	EndProjectSection
EndProject
Project("{8BC9CEB8-8B4A-11D0-8D11-00A0C91BC942}") = "ImageCorrelation", "..\..\logic\ImageCorrelation\ImageCorrelation.vcxproj", "{8DBEA0B0-BA65-4EB3-B8E5-5D28020A55C5}"
	ProjectSection(ProjectDependencies) = postProject
		{2FF0A361-FC84-437C-95C9-7BF9B637AAC9} = {2FF0A361-FC84-437C-95C9-7BF9B637AAC9}
	EndProjectSection
EndProject
Project("{8BC9CEB8-8B4A-11D0-8D11-00A0C91BC942}") = "MosaicDataModel", "..\..\logic\MosaicDataModel\MosaicDataModel.vcxproj", "{3BD999A4-1ED7-4A98-9AEE-91EBA7D6CAF9}"
	ProjectSection(ProjectDependencies) = postProject
		{2FF0A361-FC84-437C-95C9-7BF9B637AAC9} = {2FF0A361-FC84-437C-95C9-7BF9B637AAC9}
	EndProjectSection
EndProject
Project("{8BC9CEB8-8B4A-11D0-8D11-00A0C91BC942}") = "ManagedMosaicDataModel", "..\..\logic\ManagedMosaicDataModel\ManagedMosaicDataModel.vcxproj", "{84C9E16A-93E3-4105-A3AF-0533131EB43D}"
	ProjectSection(ProjectDependencies) = postProject
		{2FF0A361-FC84-437C-95C9-7BF9B637AAC9} = {2FF0A361-FC84-437C-95C9-7BF9B637AAC9}
	EndProjectSection
EndProject
Project("{FAE04EC0-301F-11D3-BF4B-00C04F79EFBC}") = "ManagedMosaicDataModelUnitTest", "..\..\logic\ManagedMosaicDataModel\ManagedMosaicDataModelUnitTest\ManagedMosaicDataModelUnitTest.csproj", "{0DA7E84B-98C6-49B4-89E9-C685FA3C928D}"
EndProject
Project("{2150E333-8FDC-42A3-9474-1A3956D46DE8}") = "DataModel", "DataModel", "{E71E9608-6EDD-4A4D-A173-BF6B337549A3}"
EndProject
Project("{2150E333-8FDC-42A3-9474-1A3956D46DE8}") = "Tests", "Tests", "{46C64A91-C1B1-48D2-89B0-B102895144B7}"
	ProjectSection(SolutionItems) = preProject
		..\CyberStitchFidTester\Program.cs = ..\CyberStitchFidTester\Program.cs
	EndProjectSection
EndProject
Project("{8BC9CEB8-8B4A-11D0-8D11-00A0C91BC942}") = "PanelAlignment", "..\..\logic\PanelAlignment\PanelAlignment.vcxproj", "{C71CA433-5C57-43DB-BA7E-1F4CBB229951}"
	ProjectSection(ProjectDependencies) = postProject
		{2FF0A361-FC84-437C-95C9-7BF9B637AAC9} = {2FF0A361-FC84-437C-95C9-7BF9B637AAC9}
		{84C9E16A-93E3-4105-A3AF-0533131EB43D} = {84C9E16A-93E3-4105-A3AF-0533131EB43D}
		{7B804D93-5BED-44B3-94E6-4CC7F32F3B07} = {7B804D93-5BED-44B3-94E6-4CC7F32F3B07}
		{8DBEA0B0-BA65-4EB3-B8E5-5D28020A55C5} = {8DBEA0B0-BA65-4EB3-B8E5-5D28020A55C5}
	EndProjectSection
EndProject
Project("{8BC9CEB8-8B4A-11D0-8D11-00A0C91BC942}") = "Panel", "..\..\logic\Panel\Panel.vcxproj", "{472145E5-F493-4DD4-AC4B-05AE3189245F}"
	ProjectSection(ProjectDependencies) = postProject
		{7B804D93-5BED-44B3-94E6-4CC7F32F3B07} = {7B804D93-5BED-44B3-94E6-4CC7F32F3B07}
	EndProjectSection
EndProject
Project("{8BC9CEB8-8B4A-11D0-8D11-00A0C91BC942}") = "ManagedPanelAlignment", "..\..\logic\ManagedPanelAlignment\ManagedPanelAlignment.vcxproj", "{D46B74F8-444E-4536-81CC-B08444E7B819}"
	ProjectSection(ProjectDependencies) = postProject
		{C71CA433-5C57-43DB-BA7E-1F4CBB229951} = {C71CA433-5C57-43DB-BA7E-1F4CBB229951}
		{84C9E16A-93E3-4105-A3AF-0533131EB43D} = {84C9E16A-93E3-4105-A3AF-0533131EB43D}
		{3BD999A4-1ED7-4A98-9AEE-91EBA7D6CAF9} = {3BD999A4-1ED7-4A98-9AEE-91EBA7D6CAF9}
		{8DBEA0B0-BA65-4EB3-B8E5-5D28020A55C5} = {8DBEA0B0-BA65-4EB3-B8E5-5D28020A55C5}
	EndProjectSection
EndProject
Project("{8BC9CEB8-8B4A-11D0-8D11-00A0C91BC942}") = "VsFinderWrapper", "..\..\logic\VsFinderWrapper\VsFinderWrapper.vcxproj", "{BF7D0622-E565-4DCB-9219-B767D56F2593}"
	ProjectSection(ProjectDependencies) = postProject
		{7B804D93-5BED-44B3-94E6-4CC7F32F3B07} = {7B804D93-5BED-44B3-94E6-4CC7F32F3B07}
	EndProjectSection
EndProject
Project("{2150E333-8FDC-42A3-9474-1A3956D46DE8}") = "Solution Items", "Solution Items", "{D52CAE91-2B4B-4061-BD21-1C9F39426386}"
	ProjectSection(SolutionItems) = preProject
		CyberStitchTester1.vsmdi = CyberStitchTester1.vsmdi
		Local.testsettings = Local.testsettings
		TraceAndTestImpact.testsettings = TraceAndTestImpact.testsettings
	EndProjectSection
EndProject
Project("{FAE04EC0-301F-11D3-BF4B-00C04F79EFBC}") = "SIMMosaicUtils", "..\..\logic\SIMMosaicUtils\SIMMosaicUtils.csproj", "{8E644621-D1FB-4845-90EE-0D1365AB42EE}"
EndProject
Project("{FAE04EC0-301F-11D3-BF4B-00C04F79EFBC}") = "SIMCalibrator", "..\..\logic\SIMCalibrator\SIMCalibrator.csproj", "{CD366ABE-A728-49E5-8CF1-83E634AB4504}"
EndProject
Project("{FAE04EC0-301F-11D3-BF4B-00C04F79EFBC}") = "SIMCalibratorTester", "..\SIMCalibratorTester\SIMCalibratorTester.csproj", "{9F21AF3E-7044-405B-AFFF-4DD68782C876}"
EndProject
Project("{FAE04EC0-301F-11D3-BF4B-00C04F79EFBC}") = "SIMCalibratorUnitTest", "..\..\logic\SIMCalibrator\SIMCalibratorUnitTest\SIMCalibratorUnitTest.csproj", "{928F2EF7-3F5A-4B8C-A3D4-81B0AAD5CBAF}"
EndProject
Project("{8BC9CEB8-8B4A-11D0-8D11-00A0C91BC942}") = "ManagedPanel", "..\..\logic\ManagedPanel\ManagedPanel.vcxproj", "{D6409417-3FC6-4EF2-9AFC-04CC54CC71CF}"
EndProject
Project("{FAE04EC0-301F-11D3-BF4B-00C04F79EFBC}") = "ManagedPanelIO", "..\..\logic\ManagedPanelIO\ManagedPanelIO.csproj", "{A06AD1D0-414A-496D-89AC-8667F1019D75}"
EndProject
Project("{FAE04EC0-301F-11D3-BF4B-00C04F79EFBC}") = "ManagedPanelIOUnitTest", "..\..\logic\ManagedPanelIO\ManagedPanelIOUnitTest\ManagedPanelIOUnitTest.csproj", "{2F06810E-6EB2-4E94-A6A4-C129B5CCAD81}"
EndProject
Project("{FAE04EC0-301F-11D3-BF4B-00C04F79EFBC}") = "CyberStitchFidTester", "..\CyberStitchFidTester\CyberStitchFidTester.csproj", "{13971E81-714F-4CED-BE9A-361B52C9CD11}"
EndProject
Global
	GlobalSection(TeamFoundationVersionControl) = preSolution
		SccNumberOfProjects = 20
		SccEnterpriseProvider = {4CA58AB2-18FA-4F8D-95D4-32DDF27D184C}
		SccTeamFoundationServer = http://tfs.cyberoptics.com:8080/tfs/tpc1
		SccLocalPath0 = .
		SccProjectUniqueName1 = ..\\..\\GetExternalDeps\\GetExternalDeps.vcxproj
		SccProjectTopLevelParentUniqueName1 = CyberStitchTester.sln
		SccProjectName1 = ../../GetExternalDeps
		SccLocalPath1 = ..\\..\\GetExternalDeps
		SccProjectUniqueName2 = ..\\..\\logic\\ImageDefines\\ImageDefines.vcxproj
		SccProjectName2 = ../../logic/ImageDefines
		SccLocalPath2 = ..\\..\\logic\\ImageDefines
		SccProjectUniqueName3 = ..\\..\\logic\\ImageCorrelation\\ImageCorrelation.vcxproj
		SccProjectName3 = ../../logic/ImageCorrelation
		SccLocalPath3 = ..\\..\\logic\\ImageCorrelation
		SccProjectUniqueName4 = ..\\..\\logic\\ManagedMosaicDataModel\\ManagedMosaicDataModel.vcxproj
		SccProjectTopLevelParentUniqueName4 = CyberStitchTester.sln
		SccProjectName4 = ../../logic/ManagedMosaicDataModel
		SccLocalPath4 = ..\\..\\logic\\ManagedMosaicDataModel
		SccProjectUniqueName5 = ..\\..\\logic\\ManagedMosaicDataModel\\ManagedMosaicDataModelUnitTest\\ManagedMosaicDataModelUnitTest.csproj
		SccProjectTopLevelParentUniqueName5 = CyberStitchTester.sln
		SccProjectName5 = ../../logic/ManagedMosaicDataModel/ManagedMosaicDataModelUnitTest
		SccLocalPath5 = ..\\..\\logic\\ManagedMosaicDataModel\\ManagedMosaicDataModelUnitTest
		SccProjectUniqueName6 = ..\\..\\logic\\MosaicDataModel\\MosaicDataModel.vcxproj
		SccProjectTopLevelParentUniqueName6 = CyberStitchTester.sln
		SccProjectName6 = ../../logic/MosaicDataModel
		SccLocalPath6 = ..\\..\\logic\\MosaicDataModel
		SccProjectUniqueName7 = CyberStitchTester.csproj
		SccProjectTopLevelParentUniqueName7 = CyberStitchTester.sln
		SccLocalPath7 = .
		SccProjectUniqueName8 = ..\\..\\logic\\PanelAlignment\\PanelAlignment.vcxproj
		SccProjectName8 = ../../logic/PanelAlignment
		SccLocalPath8 = ..\\..\\logic\\PanelAlignment
		SccProjectUniqueName9 = ..\\..\\logic\\Panel\\Panel.vcxproj
		SccProjectTopLevelParentUniqueName9 = CyberStitchTester.sln
		SccProjectName9 = ../../logic/Panel
		SccLocalPath9 = ..\\..\\logic\\Panel
		SccProjectUniqueName10 = ..\\..\\logic\\ManagedPanelAlignment\\ManagedPanelAlignment.vcxproj
		SccProjectName10 = ../../logic/ManagedPanelAlignment
		SccLocalPath10 = ..\\..\\logic\\ManagedPanelAlignment
		SccProjectUniqueName11 = ..\\..\\logic\\VsFinderWrapper\\VsFinderWrapper.vcxproj
		SccProjectName11 = ../../logic/VsFinderWrapper
		SccLocalPath11 = ..\\..\\logic\\VsFinderWrapper
		SccProjectUniqueName12 = ..\\..\\logic\\SIMMosaicUtils\\SIMMosaicUtils.csproj
		SccProjectTopLevelParentUniqueName12 = CyberStitchTester.sln
		SccProjectName12 = ../../logic/SIMMosaicUtils
		SccLocalPath12 = ..\\..\\logic\\SIMMosaicUtils
		SccProjectUniqueName13 = ..\\..\\logic\\SIMCalibrator\\SIMCalibrator.csproj
		SccProjectName13 = ../../logic/SIMCalibrator
		SccLocalPath13 = ..\\..\\logic\\SIMCalibrator
		SccProjectUniqueName14 = ..\\SIMCalibratorTester\\SIMCalibratorTester.csproj
		SccProjectTopLevelParentUniqueName14 = CyberStitchTester.sln
		SccProjectName14 = ../SIMCalibratorTester
		SccLocalPath14 = ..\\SIMCalibratorTester
		SccProjectUniqueName15 = ..\\..\\logic\\SIMCalibrator\\SIMCalibratorUnitTest\\SIMCalibratorUnitTest.csproj
		SccProjectTopLevelParentUniqueName15 = CyberStitchTester.sln
		SccProjectName15 = ../../logic/SIMCalibrator/SIMCalibratorUnitTest
		SccLocalPath15 = ..\\..\\logic\\SIMCalibrator\\SIMCalibratorUnitTest
		SccProjectUniqueName16 = ..\\..\\logic\\ManagedPanel\\ManagedPanel.vcxproj
		SccProjectTopLevelParentUniqueName16 = CyberStitchTester.sln
		SccProjectName16 = ../../logic/ManagedPanel
		SccLocalPath16 = ..\\..\\logic\\ManagedPanel
		SccProjectUniqueName17 = ..\\..\\logic\\ManagedPanelIO\\ManagedPanelIO.csproj
		SccProjectTopLevelParentUniqueName17 = CyberStitchTester.sln
		SccProjectName17 = ../../logic/ManagedPanelIO
		SccLocalPath17 = ..\\..\\logic\\ManagedPanelIO
		SccProjectUniqueName18 = ..\\..\\logic\\ManagedPanelIO\\ManagedPanelIOUnitTest\\ManagedPanelIOUnitTest.csproj
		SccProjectTopLevelParentUniqueName18 = CyberStitchTester.sln
		SccProjectName18 = ../../logic/ManagedPanelIO/ManagedPanelIOUnitTest
		SccLocalPath18 = ..\\..\\logic\\ManagedPanelIO\\ManagedPanelIOUnitTest
		SccProjectUniqueName19 = ..\\CyberStitchFidTester\\CyberStitchFidTester.csproj
		SccProjectTopLevelParentUniqueName19 = CyberStitchTester.sln
		SccProjectName19 = ../CyberStitchFidTester
		SccLocalPath19 = ..\\CyberStitchFidTester
	EndGlobalSection
	GlobalSection(TestCaseManagementSettings) = postSolution
		CategoryFile = CyberStitchTester1.vsmdi
	EndGlobalSection
	GlobalSection(SolutionConfigurationPlatforms) = preSolution
		Debug|Any CPU = Debug|Any CPU
		Debug|Mixed Platforms = Debug|Mixed Platforms
		Debug|Win32 = Debug|Win32
		Debug|x64 = Debug|x64
		Debug|x86 = Debug|x86
		Release|Any CPU = Release|Any CPU
		Release|Mixed Platforms = Release|Mixed Platforms
		Release|Win32 = Release|Win32
		Release|x64 = Release|x64
		Release|x86 = Release|x86
	EndGlobalSection
	GlobalSection(ProjectConfigurationPlatforms) = postSolution
		{889C54E2-0039-4413-9FF7-804880438C03}.Debug|Any CPU.ActiveCfg = Debug|x64
		{889C54E2-0039-4413-9FF7-804880438C03}.Debug|Mixed Platforms.ActiveCfg = Debug|x64
		{889C54E2-0039-4413-9FF7-804880438C03}.Debug|Mixed Platforms.Build.0 = Debug|x64
		{889C54E2-0039-4413-9FF7-804880438C03}.Debug|Win32.ActiveCfg = Debug|x86
		{889C54E2-0039-4413-9FF7-804880438C03}.Debug|Win32.Build.0 = Debug|x86
		{889C54E2-0039-4413-9FF7-804880438C03}.Debug|x64.ActiveCfg = Debug|x64
		{889C54E2-0039-4413-9FF7-804880438C03}.Debug|x64.Build.0 = Debug|x64
		{889C54E2-0039-4413-9FF7-804880438C03}.Debug|x86.ActiveCfg = Debug|x86
		{889C54E2-0039-4413-9FF7-804880438C03}.Debug|x86.Build.0 = Debug|x86
		{889C54E2-0039-4413-9FF7-804880438C03}.Release|Any CPU.ActiveCfg = Release|x64
		{889C54E2-0039-4413-9FF7-804880438C03}.Release|Mixed Platforms.ActiveCfg = Release|x64
		{889C54E2-0039-4413-9FF7-804880438C03}.Release|Mixed Platforms.Build.0 = Release|x64
		{889C54E2-0039-4413-9FF7-804880438C03}.Release|Win32.ActiveCfg = Release|x86
		{889C54E2-0039-4413-9FF7-804880438C03}.Release|Win32.Build.0 = Release|x86
		{889C54E2-0039-4413-9FF7-804880438C03}.Release|x64.ActiveCfg = Release|x64
		{889C54E2-0039-4413-9FF7-804880438C03}.Release|x64.Build.0 = Release|x64
		{889C54E2-0039-4413-9FF7-804880438C03}.Release|x86.ActiveCfg = Release|x86
		{889C54E2-0039-4413-9FF7-804880438C03}.Release|x86.Build.0 = Release|x86
		{7B804D93-5BED-44B3-94E6-4CC7F32F3B07}.Debug|Any CPU.ActiveCfg = Debug|x64
		{7B804D93-5BED-44B3-94E6-4CC7F32F3B07}.Debug|Mixed Platforms.ActiveCfg = Debug|x64
		{7B804D93-5BED-44B3-94E6-4CC7F32F3B07}.Debug|Mixed Platforms.Build.0 = Debug|x64
		{7B804D93-5BED-44B3-94E6-4CC7F32F3B07}.Debug|Win32.ActiveCfg = Debug|Win32
		{7B804D93-5BED-44B3-94E6-4CC7F32F3B07}.Debug|Win32.Build.0 = Debug|Win32
		{7B804D93-5BED-44B3-94E6-4CC7F32F3B07}.Debug|x64.ActiveCfg = Debug|x64
		{7B804D93-5BED-44B3-94E6-4CC7F32F3B07}.Debug|x64.Build.0 = Debug|x64
		{7B804D93-5BED-44B3-94E6-4CC7F32F3B07}.Debug|x86.ActiveCfg = Debug|x64
		{7B804D93-5BED-44B3-94E6-4CC7F32F3B07}.Release|Any CPU.ActiveCfg = Release|x64
		{7B804D93-5BED-44B3-94E6-4CC7F32F3B07}.Release|Mixed Platforms.ActiveCfg = Release|x64
		{7B804D93-5BED-44B3-94E6-4CC7F32F3B07}.Release|Mixed Platforms.Build.0 = Release|x64
		{7B804D93-5BED-44B3-94E6-4CC7F32F3B07}.Release|Win32.ActiveCfg = Release|Win32
		{7B804D93-5BED-44B3-94E6-4CC7F32F3B07}.Release|Win32.Build.0 = Release|Win32
		{7B804D93-5BED-44B3-94E6-4CC7F32F3B07}.Release|x64.ActiveCfg = Release|x64
		{7B804D93-5BED-44B3-94E6-4CC7F32F3B07}.Release|x64.Build.0 = Release|x64
		{7B804D93-5BED-44B3-94E6-4CC7F32F3B07}.Release|x86.ActiveCfg = Release|x64
		{2FF0A361-FC84-437C-95C9-7BF9B637AAC9}.Debug|Any CPU.ActiveCfg = Debug|x64
		{2FF0A361-FC84-437C-95C9-7BF9B637AAC9}.Debug|Mixed Platforms.ActiveCfg = Debug|x64
		{2FF0A361-FC84-437C-95C9-7BF9B637AAC9}.Debug|Mixed Platforms.Build.0 = Debug|x64
		{2FF0A361-FC84-437C-95C9-7BF9B637AAC9}.Debug|Win32.ActiveCfg = Debug|Win32
		{2FF0A361-FC84-437C-95C9-7BF9B637AAC9}.Debug|Win32.Build.0 = Debug|Win32
		{2FF0A361-FC84-437C-95C9-7BF9B637AAC9}.Debug|x64.ActiveCfg = Debug|x64
		{2FF0A361-FC84-437C-95C9-7BF9B637AAC9}.Debug|x64.Build.0 = Debug|x64
		{2FF0A361-FC84-437C-95C9-7BF9B637AAC9}.Debug|x86.ActiveCfg = Debug|x64
		{2FF0A361-FC84-437C-95C9-7BF9B637AAC9}.Release|Any CPU.ActiveCfg = Release|x64
		{2FF0A361-FC84-437C-95C9-7BF9B637AAC9}.Release|Mixed Platforms.ActiveCfg = Release|x64
		{2FF0A361-FC84-437C-95C9-7BF9B637AAC9}.Release|Mixed Platforms.Build.0 = Release|x64
		{2FF0A361-FC84-437C-95C9-7BF9B637AAC9}.Release|Win32.ActiveCfg = Release|Win32
		{2FF0A361-FC84-437C-95C9-7BF9B637AAC9}.Release|Win32.Build.0 = Release|Win32
		{2FF0A361-FC84-437C-95C9-7BF9B637AAC9}.Release|x64.ActiveCfg = Release|x64
		{2FF0A361-FC84-437C-95C9-7BF9B637AAC9}.Release|x64.Build.0 = Release|x64
		{2FF0A361-FC84-437C-95C9-7BF9B637AAC9}.Release|x86.ActiveCfg = Release|x64
		{8DBEA0B0-BA65-4EB3-B8E5-5D28020A55C5}.Debug|Any CPU.ActiveCfg = Debug|x64
		{8DBEA0B0-BA65-4EB3-B8E5-5D28020A55C5}.Debug|Mixed Platforms.ActiveCfg = Debug|x64
		{8DBEA0B0-BA65-4EB3-B8E5-5D28020A55C5}.Debug|Mixed Platforms.Build.0 = Debug|x64
		{8DBEA0B0-BA65-4EB3-B8E5-5D28020A55C5}.Debug|Win32.ActiveCfg = Debug|Win32
		{8DBEA0B0-BA65-4EB3-B8E5-5D28020A55C5}.Debug|Win32.Build.0 = Debug|Win32
		{8DBEA0B0-BA65-4EB3-B8E5-5D28020A55C5}.Debug|x64.ActiveCfg = Debug|x64
		{8DBEA0B0-BA65-4EB3-B8E5-5D28020A55C5}.Debug|x64.Build.0 = Debug|x64
		{8DBEA0B0-BA65-4EB3-B8E5-5D28020A55C5}.Debug|x86.ActiveCfg = Debug|x64
		{8DBEA0B0-BA65-4EB3-B8E5-5D28020A55C5}.Release|Any CPU.ActiveCfg = Release|x64
		{8DBEA0B0-BA65-4EB3-B8E5-5D28020A55C5}.Release|Mixed Platforms.ActiveCfg = Release|x64
		{8DBEA0B0-BA65-4EB3-B8E5-5D28020A55C5}.Release|Mixed Platforms.Build.0 = Release|x64
		{8DBEA0B0-BA65-4EB3-B8E5-5D28020A55C5}.Release|Win32.ActiveCfg = Release|Win32
		{8DBEA0B0-BA65-4EB3-B8E5-5D28020A55C5}.Release|Win32.Build.0 = Release|Win32
		{8DBEA0B0-BA65-4EB3-B8E5-5D28020A55C5}.Release|x64.ActiveCfg = Release|x64
		{8DBEA0B0-BA65-4EB3-B8E5-5D28020A55C5}.Release|x64.Build.0 = Release|x64
		{8DBEA0B0-BA65-4EB3-B8E5-5D28020A55C5}.Release|x86.ActiveCfg = Release|x64
		{3BD999A4-1ED7-4A98-9AEE-91EBA7D6CAF9}.Debug|Any CPU.ActiveCfg = Debug|x64
		{3BD999A4-1ED7-4A98-9AEE-91EBA7D6CAF9}.Debug|Mixed Platforms.ActiveCfg = Debug|x64
		{3BD999A4-1ED7-4A98-9AEE-91EBA7D6CAF9}.Debug|Mixed Platforms.Build.0 = Debug|x64
		{3BD999A4-1ED7-4A98-9AEE-91EBA7D6CAF9}.Debug|Win32.ActiveCfg = Debug|Win32
		{3BD999A4-1ED7-4A98-9AEE-91EBA7D6CAF9}.Debug|Win32.Build.0 = Debug|Win32
		{3BD999A4-1ED7-4A98-9AEE-91EBA7D6CAF9}.Debug|x64.ActiveCfg = Debug|x64
		{3BD999A4-1ED7-4A98-9AEE-91EBA7D6CAF9}.Debug|x64.Build.0 = Debug|x64
		{3BD999A4-1ED7-4A98-9AEE-91EBA7D6CAF9}.Debug|x86.ActiveCfg = Debug|x64
		{3BD999A4-1ED7-4A98-9AEE-91EBA7D6CAF9}.Release|Any CPU.ActiveCfg = Release|x64
		{3BD999A4-1ED7-4A98-9AEE-91EBA7D6CAF9}.Release|Mixed Platforms.ActiveCfg = Release|x64
		{3BD999A4-1ED7-4A98-9AEE-91EBA7D6CAF9}.Release|Mixed Platforms.Build.0 = Release|x64
		{3BD999A4-1ED7-4A98-9AEE-91EBA7D6CAF9}.Release|Win32.ActiveCfg = Release|Win32
		{3BD999A4-1ED7-4A98-9AEE-91EBA7D6CAF9}.Release|Win32.Build.0 = Release|Win32
		{3BD999A4-1ED7-4A98-9AEE-91EBA7D6CAF9}.Release|x64.ActiveCfg = Release|x64
		{3BD999A4-1ED7-4A98-9AEE-91EBA7D6CAF9}.Release|x64.Build.0 = Release|x64
		{3BD999A4-1ED7-4A98-9AEE-91EBA7D6CAF9}.Release|x86.ActiveCfg = Release|x64
		{84C9E16A-93E3-4105-A3AF-0533131EB43D}.Debug|Any CPU.ActiveCfg = Debug|x64
		{84C9E16A-93E3-4105-A3AF-0533131EB43D}.Debug|Mixed Platforms.ActiveCfg = Debug|x64
		{84C9E16A-93E3-4105-A3AF-0533131EB43D}.Debug|Mixed Platforms.Build.0 = Debug|x64
		{84C9E16A-93E3-4105-A3AF-0533131EB43D}.Debug|Win32.ActiveCfg = Debug|Win32
		{84C9E16A-93E3-4105-A3AF-0533131EB43D}.Debug|Win32.Build.0 = Debug|Win32
		{84C9E16A-93E3-4105-A3AF-0533131EB43D}.Debug|x64.ActiveCfg = Debug|x64
		{84C9E16A-93E3-4105-A3AF-0533131EB43D}.Debug|x64.Build.0 = Debug|x64
		{84C9E16A-93E3-4105-A3AF-0533131EB43D}.Debug|x86.ActiveCfg = Debug|x64
		{84C9E16A-93E3-4105-A3AF-0533131EB43D}.Release|Any CPU.ActiveCfg = Release|x64
		{84C9E16A-93E3-4105-A3AF-0533131EB43D}.Release|Mixed Platforms.ActiveCfg = Release|x64
		{84C9E16A-93E3-4105-A3AF-0533131EB43D}.Release|Mixed Platforms.Build.0 = Release|x64
		{84C9E16A-93E3-4105-A3AF-0533131EB43D}.Release|Win32.ActiveCfg = Release|Win32
		{84C9E16A-93E3-4105-A3AF-0533131EB43D}.Release|Win32.Build.0 = Release|Win32
		{84C9E16A-93E3-4105-A3AF-0533131EB43D}.Release|x64.ActiveCfg = Release|x64
		{84C9E16A-93E3-4105-A3AF-0533131EB43D}.Release|x64.Build.0 = Release|x64
		{84C9E16A-93E3-4105-A3AF-0533131EB43D}.Release|x86.ActiveCfg = Release|x64
		{0DA7E84B-98C6-49B4-89E9-C685FA3C928D}.Debug|Any CPU.ActiveCfg = Debug|Any CPU
		{0DA7E84B-98C6-49B4-89E9-C685FA3C928D}.Debug|Any CPU.Build.0 = Debug|Any CPU
		{0DA7E84B-98C6-49B4-89E9-C685FA3C928D}.Debug|Mixed Platforms.ActiveCfg = Debug|x86
		{0DA7E84B-98C6-49B4-89E9-C685FA3C928D}.Debug|Mixed Platforms.Build.0 = Debug|x86
		{0DA7E84B-98C6-49B4-89E9-C685FA3C928D}.Debug|Win32.ActiveCfg = Debug|x86
		{0DA7E84B-98C6-49B4-89E9-C685FA3C928D}.Debug|Win32.Build.0 = Debug|x86
		{0DA7E84B-98C6-49B4-89E9-C685FA3C928D}.Debug|x64.ActiveCfg = Debug|x86
		{0DA7E84B-98C6-49B4-89E9-C685FA3C928D}.Debug|x64.Build.0 = Debug|x86
		{0DA7E84B-98C6-49B4-89E9-C685FA3C928D}.Debug|x86.ActiveCfg = Debug|x86
		{0DA7E84B-98C6-49B4-89E9-C685FA3C928D}.Debug|x86.Build.0 = Debug|x86
		{0DA7E84B-98C6-49B4-89E9-C685FA3C928D}.Release|Any CPU.ActiveCfg = Release|Any CPU
		{0DA7E84B-98C6-49B4-89E9-C685FA3C928D}.Release|Any CPU.Build.0 = Release|Any CPU
		{0DA7E84B-98C6-49B4-89E9-C685FA3C928D}.Release|Mixed Platforms.ActiveCfg = Release|x86
		{0DA7E84B-98C6-49B4-89E9-C685FA3C928D}.Release|Mixed Platforms.Build.0 = Release|x86
		{0DA7E84B-98C6-49B4-89E9-C685FA3C928D}.Release|Win32.ActiveCfg = Release|x86
		{0DA7E84B-98C6-49B4-89E9-C685FA3C928D}.Release|Win32.Build.0 = Release|x86
		{0DA7E84B-98C6-49B4-89E9-C685FA3C928D}.Release|x64.ActiveCfg = Release|x86
		{0DA7E84B-98C6-49B4-89E9-C685FA3C928D}.Release|x64.Build.0 = Release|x86
		{0DA7E84B-98C6-49B4-89E9-C685FA3C928D}.Release|x86.ActiveCfg = Release|x86
		{0DA7E84B-98C6-49B4-89E9-C685FA3C928D}.Release|x86.Build.0 = Release|x86
		{C71CA433-5C57-43DB-BA7E-1F4CBB229951}.Debug|Any CPU.ActiveCfg = Debug|Win32
		{C71CA433-5C57-43DB-BA7E-1F4CBB229951}.Debug|Mixed Platforms.ActiveCfg = Debug|x64
		{C71CA433-5C57-43DB-BA7E-1F4CBB229951}.Debug|Mixed Platforms.Build.0 = Debug|x64
		{C71CA433-5C57-43DB-BA7E-1F4CBB229951}.Debug|Win32.ActiveCfg = Debug|Win32
		{C71CA433-5C57-43DB-BA7E-1F4CBB229951}.Debug|Win32.Build.0 = Debug|Win32
		{C71CA433-5C57-43DB-BA7E-1F4CBB229951}.Debug|x64.ActiveCfg = Debug|x64
		{C71CA433-5C57-43DB-BA7E-1F4CBB229951}.Debug|x64.Build.0 = Debug|x64
		{C71CA433-5C57-43DB-BA7E-1F4CBB229951}.Debug|x86.ActiveCfg = Debug|x64
		{C71CA433-5C57-43DB-BA7E-1F4CBB229951}.Release|Any CPU.ActiveCfg = Release|Win32
		{C71CA433-5C57-43DB-BA7E-1F4CBB229951}.Release|Mixed Platforms.ActiveCfg = Release|x64
		{C71CA433-5C57-43DB-BA7E-1F4CBB229951}.Release|Mixed Platforms.Build.0 = Release|x64
		{C71CA433-5C57-43DB-BA7E-1F4CBB229951}.Release|Win32.ActiveCfg = Release|Win32
		{C71CA433-5C57-43DB-BA7E-1F4CBB229951}.Release|Win32.Build.0 = Release|Win32
		{C71CA433-5C57-43DB-BA7E-1F4CBB229951}.Release|x64.ActiveCfg = Release|x64
		{C71CA433-5C57-43DB-BA7E-1F4CBB229951}.Release|x64.Build.0 = Release|x64
		{C71CA433-5C57-43DB-BA7E-1F4CBB229951}.Release|x86.ActiveCfg = Release|x64
		{472145E5-F493-4DD4-AC4B-05AE3189245F}.Debug|Any CPU.ActiveCfg = Debug|x64
		{472145E5-F493-4DD4-AC4B-05AE3189245F}.Debug|Mixed Platforms.ActiveCfg = Debug|x64
		{472145E5-F493-4DD4-AC4B-05AE3189245F}.Debug|Mixed Platforms.Build.0 = Debug|x64
		{472145E5-F493-4DD4-AC4B-05AE3189245F}.Debug|Win32.ActiveCfg = Debug|Win32
		{472145E5-F493-4DD4-AC4B-05AE3189245F}.Debug|Win32.Build.0 = Debug|Win32
		{472145E5-F493-4DD4-AC4B-05AE3189245F}.Debug|x64.ActiveCfg = Debug|x64
		{472145E5-F493-4DD4-AC4B-05AE3189245F}.Debug|x64.Build.0 = Debug|x64
		{472145E5-F493-4DD4-AC4B-05AE3189245F}.Debug|x86.ActiveCfg = Debug|x64
		{472145E5-F493-4DD4-AC4B-05AE3189245F}.Release|Any CPU.ActiveCfg = Release|x64
		{472145E5-F493-4DD4-AC4B-05AE3189245F}.Release|Mixed Platforms.ActiveCfg = Release|x64
		{472145E5-F493-4DD4-AC4B-05AE3189245F}.Release|Mixed Platforms.Build.0 = Release|x64
		{472145E5-F493-4DD4-AC4B-05AE3189245F}.Release|Win32.ActiveCfg = Release|Win32
		{472145E5-F493-4DD4-AC4B-05AE3189245F}.Release|Win32.Build.0 = Release|Win32
		{472145E5-F493-4DD4-AC4B-05AE3189245F}.Release|x64.ActiveCfg = Release|x64
		{472145E5-F493-4DD4-AC4B-05AE3189245F}.Release|x64.Build.0 = Release|x64
		{472145E5-F493-4DD4-AC4B-05AE3189245F}.Release|x86.ActiveCfg = Release|x64
		{D46B74F8-444E-4536-81CC-B08444E7B819}.Debug|Any CPU.ActiveCfg = Debug|Win32
		{D46B74F8-444E-4536-81CC-B08444E7B819}.Debug|Mixed Platforms.ActiveCfg = Debug|x64
		{D46B74F8-444E-4536-81CC-B08444E7B819}.Debug|Mixed Platforms.Build.0 = Debug|x64
		{D46B74F8-444E-4536-81CC-B08444E7B819}.Debug|Win32.ActiveCfg = Debug|Win32
		{D46B74F8-444E-4536-81CC-B08444E7B819}.Debug|Win32.Build.0 = Debug|Win32
		{D46B74F8-444E-4536-81CC-B08444E7B819}.Debug|x64.ActiveCfg = Debug|x64
		{D46B74F8-444E-4536-81CC-B08444E7B819}.Debug|x64.Build.0 = Debug|x64
		{D46B74F8-444E-4536-81CC-B08444E7B819}.Debug|x86.ActiveCfg = Debug|x64
		{D46B74F8-444E-4536-81CC-B08444E7B819}.Release|Any CPU.ActiveCfg = Release|Win32
		{D46B74F8-444E-4536-81CC-B08444E7B819}.Release|Mixed Platforms.ActiveCfg = Release|x64
		{D46B74F8-444E-4536-81CC-B08444E7B819}.Release|Mixed Platforms.Build.0 = Release|x64
		{D46B74F8-444E-4536-81CC-B08444E7B819}.Release|Win32.ActiveCfg = Release|Win32
		{D46B74F8-444E-4536-81CC-B08444E7B819}.Release|Win32.Build.0 = Release|Win32
		{D46B74F8-444E-4536-81CC-B08444E7B819}.Release|x64.ActiveCfg = Release|x64
		{D46B74F8-444E-4536-81CC-B08444E7B819}.Release|x64.Build.0 = Release|x64
		{D46B74F8-444E-4536-81CC-B08444E7B819}.Release|x86.ActiveCfg = Release|x64
		{BF7D0622-E565-4DCB-9219-B767D56F2593}.Debug|Any CPU.ActiveCfg = Debug|x64
		{BF7D0622-E565-4DCB-9219-B767D56F2593}.Debug|Mixed Platforms.ActiveCfg = Debug|x64
		{BF7D0622-E565-4DCB-9219-B767D56F2593}.Debug|Mixed Platforms.Build.0 = Debug|x64
		{BF7D0622-E565-4DCB-9219-B767D56F2593}.Debug|Win32.ActiveCfg = Debug|Win32
		{BF7D0622-E565-4DCB-9219-B767D56F2593}.Debug|Win32.Build.0 = Debug|Win32
		{BF7D0622-E565-4DCB-9219-B767D56F2593}.Debug|x64.ActiveCfg = Debug|x64
		{BF7D0622-E565-4DCB-9219-B767D56F2593}.Debug|x64.Build.0 = Debug|x64
		{BF7D0622-E565-4DCB-9219-B767D56F2593}.Debug|x86.ActiveCfg = Debug|x64
		{BF7D0622-E565-4DCB-9219-B767D56F2593}.Release|Any CPU.ActiveCfg = Release|x64
		{BF7D0622-E565-4DCB-9219-B767D56F2593}.Release|Mixed Platforms.ActiveCfg = Release|x64
		{BF7D0622-E565-4DCB-9219-B767D56F2593}.Release|Mixed Platforms.Build.0 = Release|x64
		{BF7D0622-E565-4DCB-9219-B767D56F2593}.Release|Win32.ActiveCfg = Release|Win32
		{BF7D0622-E565-4DCB-9219-B767D56F2593}.Release|Win32.Build.0 = Release|Win32
		{BF7D0622-E565-4DCB-9219-B767D56F2593}.Release|x64.ActiveCfg = Release|x64
		{BF7D0622-E565-4DCB-9219-B767D56F2593}.Release|x64.Build.0 = Release|x64
		{BF7D0622-E565-4DCB-9219-B767D56F2593}.Release|x86.ActiveCfg = Release|x64
		{8E644621-D1FB-4845-90EE-0D1365AB42EE}.Debug|Any CPU.ActiveCfg = Debug|Any CPU
		{8E644621-D1FB-4845-90EE-0D1365AB42EE}.Debug|Any CPU.Build.0 = Debug|Any CPU
		{8E644621-D1FB-4845-90EE-0D1365AB42EE}.Debug|Mixed Platforms.ActiveCfg = Debug|Any CPU
		{8E644621-D1FB-4845-90EE-0D1365AB42EE}.Debug|Mixed Platforms.Build.0 = Debug|Any CPU
		{8E644621-D1FB-4845-90EE-0D1365AB42EE}.Debug|Win32.ActiveCfg = Debug|Any CPU
		{8E644621-D1FB-4845-90EE-0D1365AB42EE}.Debug|Win32.Build.0 = Debug|Any CPU
		{8E644621-D1FB-4845-90EE-0D1365AB42EE}.Debug|x64.ActiveCfg = Debug|Any CPU
		{8E644621-D1FB-4845-90EE-0D1365AB42EE}.Debug|x64.Build.0 = Debug|Any CPU
		{8E644621-D1FB-4845-90EE-0D1365AB42EE}.Debug|x86.ActiveCfg = Debug|Any CPU
		{8E644621-D1FB-4845-90EE-0D1365AB42EE}.Release|Any CPU.ActiveCfg = Release|Any CPU
		{8E644621-D1FB-4845-90EE-0D1365AB42EE}.Release|Any CPU.Build.0 = Release|Any CPU
		{8E644621-D1FB-4845-90EE-0D1365AB42EE}.Release|Mixed Platforms.ActiveCfg = Release|Any CPU
		{8E644621-D1FB-4845-90EE-0D1365AB42EE}.Release|Mixed Platforms.Build.0 = Release|Any CPU
		{8E644621-D1FB-4845-90EE-0D1365AB42EE}.Release|Win32.ActiveCfg = Release|Any CPU
		{8E644621-D1FB-4845-90EE-0D1365AB42EE}.Release|Win32.Build.0 = Release|Any CPU
		{8E644621-D1FB-4845-90EE-0D1365AB42EE}.Release|x64.ActiveCfg = Release|Any CPU
		{8E644621-D1FB-4845-90EE-0D1365AB42EE}.Release|x64.Build.0 = Release|Any CPU
		{8E644621-D1FB-4845-90EE-0D1365AB42EE}.Release|x86.ActiveCfg = Release|Any CPU
		{CD366ABE-A728-49E5-8CF1-83E634AB4504}.Debug|Any CPU.ActiveCfg = Debug|Any CPU
		{CD366ABE-A728-49E5-8CF1-83E634AB4504}.Debug|Any CPU.Build.0 = Debug|Any CPU
		{CD366ABE-A728-49E5-8CF1-83E634AB4504}.Debug|Mixed Platforms.ActiveCfg = Debug|Any CPU
		{CD366ABE-A728-49E5-8CF1-83E634AB4504}.Debug|Mixed Platforms.Build.0 = Debug|Any CPU
		{CD366ABE-A728-49E5-8CF1-83E634AB4504}.Debug|Win32.ActiveCfg = Debug|Any CPU
		{CD366ABE-A728-49E5-8CF1-83E634AB4504}.Debug|Win32.Build.0 = Debug|Any CPU
		{CD366ABE-A728-49E5-8CF1-83E634AB4504}.Debug|x64.ActiveCfg = Debug|Any CPU
		{CD366ABE-A728-49E5-8CF1-83E634AB4504}.Debug|x64.Build.0 = Debug|Any CPU
		{CD366ABE-A728-49E5-8CF1-83E634AB4504}.Debug|x86.ActiveCfg = Debug|Any CPU
		{CD366ABE-A728-49E5-8CF1-83E634AB4504}.Release|Any CPU.ActiveCfg = Release|Any CPU
		{CD366ABE-A728-49E5-8CF1-83E634AB4504}.Release|Any CPU.Build.0 = Release|Any CPU
		{CD366ABE-A728-49E5-8CF1-83E634AB4504}.Release|Mixed Platforms.ActiveCfg = Release|Any CPU
		{CD366ABE-A728-49E5-8CF1-83E634AB4504}.Release|Mixed Platforms.Build.0 = Release|Any CPU
		{CD366ABE-A728-49E5-8CF1-83E634AB4504}.Release|Win32.ActiveCfg = Release|Any CPU
		{CD366ABE-A728-49E5-8CF1-83E634AB4504}.Release|Win32.Build.0 = Release|Any CPU
		{CD366ABE-A728-49E5-8CF1-83E634AB4504}.Release|x64.ActiveCfg = Release|Any CPU
		{CD366ABE-A728-49E5-8CF1-83E634AB4504}.Release|x64.Build.0 = Release|Any CPU
		{CD366ABE-A728-49E5-8CF1-83E634AB4504}.Release|x86.ActiveCfg = Release|Any CPU
		{9F21AF3E-7044-405B-AFFF-4DD68782C876}.Debug|Any CPU.ActiveCfg = Debug|x86
		{9F21AF3E-7044-405B-AFFF-4DD68782C876}.Debug|Mixed Platforms.ActiveCfg = Debug|x86
		{9F21AF3E-7044-405B-AFFF-4DD68782C876}.Debug|Mixed Platforms.Build.0 = Debug|x86
		{9F21AF3E-7044-405B-AFFF-4DD68782C876}.Debug|Win32.ActiveCfg = Debug|x86
		{9F21AF3E-7044-405B-AFFF-4DD68782C876}.Debug|Win32.Build.0 = Debug|x86
		{9F21AF3E-7044-405B-AFFF-4DD68782C876}.Debug|x64.ActiveCfg = Debug|x64
		{9F21AF3E-7044-405B-AFFF-4DD68782C876}.Debug|x64.Build.0 = Debug|x64
		{9F21AF3E-7044-405B-AFFF-4DD68782C876}.Debug|x86.ActiveCfg = Debug|x86
		{9F21AF3E-7044-405B-AFFF-4DD68782C876}.Debug|x86.Build.0 = Debug|x86
		{9F21AF3E-7044-405B-AFFF-4DD68782C876}.Release|Any CPU.ActiveCfg = Release|x86
		{9F21AF3E-7044-405B-AFFF-4DD68782C876}.Release|Mixed Platforms.ActiveCfg = Release|x86
		{9F21AF3E-7044-405B-AFFF-4DD68782C876}.Release|Mixed Platforms.Build.0 = Release|x86
		{9F21AF3E-7044-405B-AFFF-4DD68782C876}.Release|Win32.ActiveCfg = Release|x86
		{9F21AF3E-7044-405B-AFFF-4DD68782C876}.Release|Win32.Build.0 = Release|x86
		{9F21AF3E-7044-405B-AFFF-4DD68782C876}.Release|x64.ActiveCfg = Release|x86
		{9F21AF3E-7044-405B-AFFF-4DD68782C876}.Release|x64.Build.0 = Release|x86
		{9F21AF3E-7044-405B-AFFF-4DD68782C876}.Release|x86.ActiveCfg = Release|x86
		{9F21AF3E-7044-405B-AFFF-4DD68782C876}.Release|x86.Build.0 = Release|x86
		{928F2EF7-3F5A-4B8C-A3D4-81B0AAD5CBAF}.Debug|Any CPU.ActiveCfg = Debug|Any CPU
		{928F2EF7-3F5A-4B8C-A3D4-81B0AAD5CBAF}.Debug|Any CPU.Build.0 = Debug|Any CPU
		{928F2EF7-3F5A-4B8C-A3D4-81B0AAD5CBAF}.Debug|Mixed Platforms.ActiveCfg = Debug|Any CPU
		{928F2EF7-3F5A-4B8C-A3D4-81B0AAD5CBAF}.Debug|Mixed Platforms.Build.0 = Debug|Any CPU
		{928F2EF7-3F5A-4B8C-A3D4-81B0AAD5CBAF}.Debug|Win32.ActiveCfg = Debug|Any CPU
		{928F2EF7-3F5A-4B8C-A3D4-81B0AAD5CBAF}.Debug|Win32.Build.0 = Debug|Any CPU
		{928F2EF7-3F5A-4B8C-A3D4-81B0AAD5CBAF}.Debug|x64.ActiveCfg = Debug|Any CPU
		{928F2EF7-3F5A-4B8C-A3D4-81B0AAD5CBAF}.Debug|x64.Build.0 = Debug|Any CPU
		{928F2EF7-3F5A-4B8C-A3D4-81B0AAD5CBAF}.Debug|x86.ActiveCfg = Debug|Any CPU
		{928F2EF7-3F5A-4B8C-A3D4-81B0AAD5CBAF}.Release|Any CPU.ActiveCfg = Release|Any CPU
		{928F2EF7-3F5A-4B8C-A3D4-81B0AAD5CBAF}.Release|Any CPU.Build.0 = Release|Any CPU
		{928F2EF7-3F5A-4B8C-A3D4-81B0AAD5CBAF}.Release|Mixed Platforms.ActiveCfg = Release|Any CPU
		{928F2EF7-3F5A-4B8C-A3D4-81B0AAD5CBAF}.Release|Mixed Platforms.Build.0 = Release|Any CPU
		{928F2EF7-3F5A-4B8C-A3D4-81B0AAD5CBAF}.Release|Win32.ActiveCfg = Release|Any CPU
		{928F2EF7-3F5A-4B8C-A3D4-81B0AAD5CBAF}.Release|Win32.Build.0 = Release|Any CPU
		{928F2EF7-3F5A-4B8C-A3D4-81B0AAD5CBAF}.Release|x64.ActiveCfg = Release|Any CPU
		{928F2EF7-3F5A-4B8C-A3D4-81B0AAD5CBAF}.Release|x64.Build.0 = Release|Any CPU
		{928F2EF7-3F5A-4B8C-A3D4-81B0AAD5CBAF}.Release|x86.ActiveCfg = Release|Any CPU
		{D6409417-3FC6-4EF2-9AFC-04CC54CC71CF}.Debug|Any CPU.ActiveCfg = Debug|x64
		{D6409417-3FC6-4EF2-9AFC-04CC54CC71CF}.Debug|Mixed Platforms.ActiveCfg = Debug|x64
		{D6409417-3FC6-4EF2-9AFC-04CC54CC71CF}.Debug|Mixed Platforms.Build.0 = Debug|x64
		{D6409417-3FC6-4EF2-9AFC-04CC54CC71CF}.Debug|Win32.ActiveCfg = Debug|Win32
		{D6409417-3FC6-4EF2-9AFC-04CC54CC71CF}.Debug|Win32.Build.0 = Debug|Win32
		{D6409417-3FC6-4EF2-9AFC-04CC54CC71CF}.Debug|x64.ActiveCfg = Debug|x64
		{D6409417-3FC6-4EF2-9AFC-04CC54CC71CF}.Debug|x64.Build.0 = Debug|x64
		{D6409417-3FC6-4EF2-9AFC-04CC54CC71CF}.Debug|x86.ActiveCfg = Debug|x64
		{D6409417-3FC6-4EF2-9AFC-04CC54CC71CF}.Release|Any CPU.ActiveCfg = Release|x64
		{D6409417-3FC6-4EF2-9AFC-04CC54CC71CF}.Release|Mixed Platforms.ActiveCfg = Release|x64
		{D6409417-3FC6-4EF2-9AFC-04CC54CC71CF}.Release|Mixed Platforms.Build.0 = Release|x64
		{D6409417-3FC6-4EF2-9AFC-04CC54CC71CF}.Release|Win32.ActiveCfg = Release|Win32
		{D6409417-3FC6-4EF2-9AFC-04CC54CC71CF}.Release|Win32.Build.0 = Release|Win32
		{D6409417-3FC6-4EF2-9AFC-04CC54CC71CF}.Release|x64.ActiveCfg = Release|x64
		{D6409417-3FC6-4EF2-9AFC-04CC54CC71CF}.Release|x64.Build.0 = Release|x64
		{D6409417-3FC6-4EF2-9AFC-04CC54CC71CF}.Release|x86.ActiveCfg = Release|x64
		{A06AD1D0-414A-496D-89AC-8667F1019D75}.Debug|Any CPU.ActiveCfg = Debug|Any CPU
		{A06AD1D0-414A-496D-89AC-8667F1019D75}.Debug|Any CPU.Build.0 = Debug|Any CPU
		{A06AD1D0-414A-496D-89AC-8667F1019D75}.Debug|Mixed Platforms.ActiveCfg = Debug|Any CPU
		{A06AD1D0-414A-496D-89AC-8667F1019D75}.Debug|Mixed Platforms.Build.0 = Debug|Any CPU
		{A06AD1D0-414A-496D-89AC-8667F1019D75}.Debug|Win32.ActiveCfg = Debug|Any CPU
		{A06AD1D0-414A-496D-89AC-8667F1019D75}.Debug|Win32.Build.0 = Debug|Any CPU
		{A06AD1D0-414A-496D-89AC-8667F1019D75}.Debug|x64.ActiveCfg = Debug|Any CPU
		{A06AD1D0-414A-496D-89AC-8667F1019D75}.Debug|x64.Build.0 = Debug|Any CPU
		{A06AD1D0-414A-496D-89AC-8667F1019D75}.Debug|x86.ActiveCfg = Debug|Any CPU
		{A06AD1D0-414A-496D-89AC-8667F1019D75}.Release|Any CPU.ActiveCfg = Release|Any CPU
		{A06AD1D0-414A-496D-89AC-8667F1019D75}.Release|Any CPU.Build.0 = Release|Any CPU
		{A06AD1D0-414A-496D-89AC-8667F1019D75}.Release|Mixed Platforms.ActiveCfg = Release|Any CPU
		{A06AD1D0-414A-496D-89AC-8667F1019D75}.Release|Mixed Platforms.Build.0 = Release|Any CPU
		{A06AD1D0-414A-496D-89AC-8667F1019D75}.Release|Win32.ActiveCfg = Release|Any CPU
		{A06AD1D0-414A-496D-89AC-8667F1019D75}.Release|Win32.Build.0 = Release|Any CPU
		{A06AD1D0-414A-496D-89AC-8667F1019D75}.Release|x64.ActiveCfg = Release|Any CPU
		{A06AD1D0-414A-496D-89AC-8667F1019D75}.Release|x64.Build.0 = Release|Any CPU
		{A06AD1D0-414A-496D-89AC-8667F1019D75}.Release|x86.ActiveCfg = Release|Any CPU
		{2F06810E-6EB2-4E94-A6A4-C129B5CCAD81}.Debug|Any CPU.ActiveCfg = Debug|Any CPU
		{2F06810E-6EB2-4E94-A6A4-C129B5CCAD81}.Debug|Any CPU.Build.0 = Debug|Any CPU
		{2F06810E-6EB2-4E94-A6A4-C129B5CCAD81}.Debug|Mixed Platforms.ActiveCfg = Debug|Any CPU
		{2F06810E-6EB2-4E94-A6A4-C129B5CCAD81}.Debug|Mixed Platforms.Build.0 = Debug|Any CPU
		{2F06810E-6EB2-4E94-A6A4-C129B5CCAD81}.Debug|Win32.ActiveCfg = Debug|Any CPU
		{2F06810E-6EB2-4E94-A6A4-C129B5CCAD81}.Debug|Win32.Build.0 = Debug|Any CPU
		{2F06810E-6EB2-4E94-A6A4-C129B5CCAD81}.Debug|x64.ActiveCfg = Debug|Any CPU
		{2F06810E-6EB2-4E94-A6A4-C129B5CCAD81}.Debug|x64.Build.0 = Debug|Any CPU
		{2F06810E-6EB2-4E94-A6A4-C129B5CCAD81}.Debug|x86.ActiveCfg = Debug|Any CPU
		{2F06810E-6EB2-4E94-A6A4-C129B5CCAD81}.Release|Any CPU.ActiveCfg = Release|Any CPU
		{2F06810E-6EB2-4E94-A6A4-C129B5CCAD81}.Release|Any CPU.Build.0 = Release|Any CPU
		{2F06810E-6EB2-4E94-A6A4-C129B5CCAD81}.Release|Mixed Platforms.ActiveCfg = Release|Any CPU
		{2F06810E-6EB2-4E94-A6A4-C129B5CCAD81}.Release|Mixed Platforms.Build.0 = Release|Any CPU
		{2F06810E-6EB2-4E94-A6A4-C129B5CCAD81}.Release|Win32.ActiveCfg = Release|Any CPU
		{2F06810E-6EB2-4E94-A6A4-C129B5CCAD81}.Release|Win32.Build.0 = Release|Any CPU
		{2F06810E-6EB2-4E94-A6A4-C129B5CCAD81}.Release|x64.ActiveCfg = Release|Any CPU
		{2F06810E-6EB2-4E94-A6A4-C129B5CCAD81}.Release|x64.Build.0 = Release|Any CPU
		{2F06810E-6EB2-4E94-A6A4-C129B5CCAD81}.Release|x86.ActiveCfg = Release|Any CPU
		{13971E81-714F-4CED-BE9A-361B52C9CD11}.Debug|Any CPU.ActiveCfg = Debug|x86
		{13971E81-714F-4CED-BE9A-361B52C9CD11}.Debug|Mixed Platforms.ActiveCfg = Debug|x86
		{13971E81-714F-4CED-BE9A-361B52C9CD11}.Debug|Mixed Platforms.Build.0 = Debug|x86
		{13971E81-714F-4CED-BE9A-361B52C9CD11}.Debug|Win32.ActiveCfg = Debug|x86
		{13971E81-714F-4CED-BE9A-361B52C9CD11}.Debug|Win32.Build.0 = Debug|x86
		{13971E81-714F-4CED-BE9A-361B52C9CD11}.Debug|x64.ActiveCfg = Debug|x64
		{13971E81-714F-4CED-BE9A-361B52C9CD11}.Debug|x64.Build.0 = Debug|x64
		{13971E81-714F-4CED-BE9A-361B52C9CD11}.Debug|x86.ActiveCfg = Debug|x86
		{13971E81-714F-4CED-BE9A-361B52C9CD11}.Debug|x86.Build.0 = Debug|x86
		{13971E81-714F-4CED-BE9A-361B52C9CD11}.Release|Any CPU.ActiveCfg = Release|x86
		{13971E81-714F-4CED-BE9A-361B52C9CD11}.Release|Mixed Platforms.ActiveCfg = Release|x86
		{13971E81-714F-4CED-BE9A-361B52C9CD11}.Release|Mixed Platforms.Build.0 = Release|x86
		{13971E81-714F-4CED-BE9A-361B52C9CD11}.Release|Win32.ActiveCfg = Release|x86
		{13971E81-714F-4CED-BE9A-361B52C9CD11}.Release|Win32.Build.0 = Release|x86
		{13971E81-714F-4CED-BE9A-361B52C9CD11}.Release|x64.ActiveCfg = Release|x64
		{13971E81-714F-4CED-BE9A-361B52C9CD11}.Release|x64.Build.0 = Release|x64
		{13971E81-714F-4CED-BE9A-361B52C9CD11}.Release|x86.ActiveCfg = Release|x86
		{13971E81-714F-4CED-BE9A-361B52C9CD11}.Release|x86.Build.0 = Release|x86
	EndGlobalSection
	GlobalSection(SolutionProperties) = preSolution
		HideSolutionNode = FALSE
	EndGlobalSection
	GlobalSection(NestedProjects) = preSolution
		{0DA7E84B-98C6-49B4-89E9-C685FA3C928D} = {46C64A91-C1B1-48D2-89B0-B102895144B7}
		{889C54E2-0039-4413-9FF7-804880438C03} = {46C64A91-C1B1-48D2-89B0-B102895144B7}
		{D52CAE91-2B4B-4061-BD21-1C9F39426386} = {46C64A91-C1B1-48D2-89B0-B102895144B7}
		{928F2EF7-3F5A-4B8C-A3D4-81B0AAD5CBAF} = {46C64A91-C1B1-48D2-89B0-B102895144B7}
		{2F06810E-6EB2-4E94-A6A4-C129B5CCAD81} = {46C64A91-C1B1-48D2-89B0-B102895144B7}
		{13971E81-714F-4CED-BE9A-361B52C9CD11} = {46C64A91-C1B1-48D2-89B0-B102895144B7}
		{9F21AF3E-7044-405B-AFFF-4DD68782C876} = {46C64A91-C1B1-48D2-89B0-B102895144B7}
		{7B804D93-5BED-44B3-94E6-4CC7F32F3B07} = {83A6E92A-C9C4-4634-B1E7-357467A9340E}
		{84C9E16A-93E3-4105-A3AF-0533131EB43D} = {E71E9608-6EDD-4A4D-A173-BF6B337549A3}
		{3BD999A4-1ED7-4A98-9AEE-91EBA7D6CAF9} = {E71E9608-6EDD-4A4D-A173-BF6B337549A3}
		{472145E5-F493-4DD4-AC4B-05AE3189245F} = {E71E9608-6EDD-4A4D-A173-BF6B337549A3}
		{8E644621-D1FB-4845-90EE-0D1365AB42EE} = {E71E9608-6EDD-4A4D-A173-BF6B337549A3}
		{D6409417-3FC6-4EF2-9AFC-04CC54CC71CF} = {E71E9608-6EDD-4A4D-A173-BF6B337549A3}
		{A06AD1D0-414A-496D-89AC-8667F1019D75} = {E71E9608-6EDD-4A4D-A173-BF6B337549A3}
	EndGlobalSection
	GlobalSection(TeamFoundationVersionControl) = preSolution
		SccNumberOfProjects = 7
		SccEnterpriseProvider = {4CA58AB2-18FA-4F8D-95D4-32DDF27D184C}
		SccTeamFoundationServer = http://cybertfs.msp.cyberoptics.com:8080/
		SccLocalPath0 = .
		SccProjectUniqueName1 = CyberStitchTester.csproj
		SccLocalPath1 = .
		SccProjectUniqueName2 = ..\\..\\logic\\CyberStitch\\CyberStitch.vcxproj
		SccProjectName2 = ../../logic/CyberStitch
		SccLocalPath2 = ..\\..\\logic\\CyberStitch
		SccProjectUniqueName3 = ..\\..\\logic\\ManagedCyberStitch\\ManagedCyberStitch.vcxproj
		SccProjectName3 = ../../logic/ManagedCyberStitch
		SccLocalPath3 = ..\\..\\logic\\ManagedCyberStitch
		SccProjectUniqueName4 = ..\\..\\GetExternalDeps\\GetExternalDeps.vcxproj
		SccProjectName4 = ../../GetExternalDeps
		SccLocalPath4 = ..\\..\\GetExternalDeps
		SccProjectUniqueName5 = ..\\..\\logic\\ImageDefines\\ImageDefines.vcxproj
		SccProjectName5 = ../../logic/ImageDefines
		SccLocalPath5 = ..\\..\\logic\\ImageDefines
	EndGlobalSection
EndGlobal
