
Microsoft Visual Studio Solution File, Format Version 11.00
# Visual Studio 2010
Project("{FAE04EC0-301F-11D3-BF4B-00C04F79EFBC}") = "CyberStitchTester", "CyberStitchTester.csproj", "{889C54E2-0039-4413-9FF7-804880438C03}"
EndProject
Project("{2150E333-8FDC-42A3-9474-1A3956D46DE8}") = "Build", "Build", "{83A6E92A-C9C4-4634-B1E7-357467A9340E}"
	ProjectSection(SolutionItems) = preProject
		..\..\..\build.proj = ..\..\..\build.proj
		..\..\..\ProjectManifest.xml = ..\..\..\ProjectManifest.xml
		..\..\..\ProjectManifest.xsl = ..\..\..\ProjectManifest.xsl
		..\..\..\release_notes.htm = ..\..\..\release_notes.htm
	EndProjectSection
EndProject
Project("{8BC9CEB8-8B4A-11D0-8D11-00A0C91BC942}") = "GetExternalDeps", "..\..\GetExternalDeps\GetExternalDeps.vcxproj", "{7B804D93-5BED-44B3-94E6-4CC7F32F3B07}"
EndProject
Project("{8BC9CEB8-8B4A-11D0-8D11-00A0C91BC942}") = "ImageDefines", "..\..\logic\ImageDefines\ImageDefines.vcxproj", "{2FF0A361-FC84-437C-95C9-7BF9B637AAC9}"
EndProject
Project("{8BC9CEB8-8B4A-11D0-8D11-00A0C91BC942}") = "ImageCorrelation", "..\..\logic\ImageCorrelation\ImageCorrelation.vcxproj", "{8DBEA0B0-BA65-4EB3-B8E5-5D28020A55C5}"
EndProject
Project("{8BC9CEB8-8B4A-11D0-8D11-00A0C91BC942}") = "MosaicDataModel", "..\..\logic\MosaicDataModel\MosaicDataModel.vcxproj", "{3BD999A4-1ED7-4A98-9AEE-91EBA7D6CAF9}"
	ProjectSection(ProjectDependencies) = postProject
		{2FF0A361-FC84-437C-95C9-7BF9B637AAC9} = {2FF0A361-FC84-437C-95C9-7BF9B637AAC9}
	EndProjectSection
EndProject
Project("{8BC9CEB8-8B4A-11D0-8D11-00A0C91BC942}") = "ManagedMosaicDataModel", "..\..\logic\ManagedMosaicDataModel\ManagedMosaicDataModel.vcxproj", "{84C9E16A-93E3-4105-A3AF-0533131EB43D}"
	ProjectSection(ProjectDependencies) = postProject
		{2FF0A361-FC84-437C-95C9-7BF9B637AAC9} = {2FF0A361-FC84-437C-95C9-7BF9B637AAC9}
	EndProjectSection
EndProject
Project("{FAE04EC0-301F-11D3-BF4B-00C04F79EFBC}") = "ManagedMosaicDataModelUnitTest", "..\..\logic\ManagedMosaicDataModel\ManagedMosaicDataModelUnitTest\ManagedMosaicDataModelUnitTest.csproj", "{0DA7E84B-98C6-49B4-89E9-C685FA3C928D}"
EndProject
Project("{2150E333-8FDC-42A3-9474-1A3956D46DE8}") = "DataModel", "DataModel", "{E71E9608-6EDD-4A4D-A173-BF6B337549A3}"
EndProject
Project("{2150E333-8FDC-42A3-9474-1A3956D46DE8}") = "Tests", "Tests", "{46C64A91-C1B1-48D2-89B0-B102895144B7}"
EndProject
Project("{8BC9CEB8-8B4A-11D0-8D11-00A0C91BC942}") = "VsNgcWrapper", "..\..\logic\VsNgcWrapper\VsNgcWrapper.vcxproj", "{3890952F-8D06-46A8-8731-5131F30FE9F8}"
EndProject
Global
	GlobalSection(TeamFoundationVersionControl) = preSolution
		SccNumberOfProjects = 9
		SccEnterpriseProvider = {4CA58AB2-18FA-4F8D-95D4-32DDF27D184C}
		SccTeamFoundationServer = http://cybertfs.msp.cyberoptics.com:8080/
		SccLocalPath0 = .
		SccProjectUniqueName1 = CyberStitchTester.csproj
		SccLocalPath1 = .
		SccProjectUniqueName2 = ..\\..\\GetExternalDeps\\GetExternalDeps.vcxproj
		SccProjectTopLevelParentUniqueName2 = CyberStitchTester.sln
		SccProjectName2 = ../../GetExternalDeps
		SccLocalPath2 = ..\\..\\GetExternalDeps
		SccProjectUniqueName3 = ..\\..\\logic\\ImageDefines\\ImageDefines.vcxproj
		SccProjectName3 = ../../logic/ImageDefines
		SccLocalPath3 = ..\\..\\logic\\ImageDefines
		SccProjectUniqueName4 = ..\\..\\logic\\ImageCorrelation\\ImageCorrelation.vcxproj
		SccProjectName4 = ../../logic/ImageCorrelation
		SccLocalPath4 = ..\\..\\logic\\ImageCorrelation
		SccProjectUniqueName5 = ..\\..\\logic\\ManagedMosaicDataModel\\ManagedMosaicDataModel.vcxproj
		SccProjectTopLevelParentUniqueName5 = CyberStitchTester.sln
		SccProjectName5 = ../../logic/ManagedMosaicDataModel
		SccLocalPath5 = ..\\..\\logic\\ManagedMosaicDataModel
		SccProjectUniqueName6 = ..\\..\\logic\\MosaicDataModel\\MosaicDataModel.vcxproj
		SccProjectTopLevelParentUniqueName6 = CyberStitchTester.sln
		SccProjectName6 = ../../logic/MosaicDataModel
		SccLocalPath6 = ..\\..\\logic\\MosaicDataModel
		SccProjectUniqueName7 = ..\\..\\logic\\ManagedMosaicDataModel\\ManagedMosaicDataModelUnitTest\\ManagedMosaicDataModelUnitTest.csproj
		SccProjectTopLevelParentUniqueName7 = CyberStitchTester.sln
		SccProjectName7 = ../../logic/ManagedMosaicDataModel/ManagedMosaicDataModelUnitTest
		SccLocalPath7 = ..\\..\\logic\\ManagedMosaicDataModel\\ManagedMosaicDataModelUnitTest
		SccProjectUniqueName8 = ..\\..\\logic\\VsNgcWrapper\\VsNgcWrapper.vcxproj
		SccProjectName8 = ../../logic/VsNgcWrapper
		SccLocalPath8 = ..\\..\\logic\\VsNgcWrapper
	EndGlobalSection
	GlobalSection(SolutionConfigurationPlatforms) = preSolution
		Debug|Any CPU = Debug|Any CPU
		Debug|Mixed Platforms = Debug|Mixed Platforms
		Debug|Win32 = Debug|Win32
		Debug|x64 = Debug|x64
		Debug|x86 = Debug|x86
		Release|Any CPU = Release|Any CPU
		Release|Mixed Platforms = Release|Mixed Platforms
		Release|Win32 = Release|Win32
		Release|x64 = Release|x64
		Release|x86 = Release|x86
	EndGlobalSection
	GlobalSection(ProjectConfigurationPlatforms) = postSolution
		{889C54E2-0039-4413-9FF7-804880438C03}.Debug|Any CPU.ActiveCfg = Debug|x64
		{889C54E2-0039-4413-9FF7-804880438C03}.Debug|Mixed Platforms.ActiveCfg = Debug|x86
		{889C54E2-0039-4413-9FF7-804880438C03}.Debug|Mixed Platforms.Build.0 = Debug|x86
		{889C54E2-0039-4413-9FF7-804880438C03}.Debug|Win32.ActiveCfg = Debug|x86
		{889C54E2-0039-4413-9FF7-804880438C03}.Debug|Win32.Build.0 = Debug|x86
		{889C54E2-0039-4413-9FF7-804880438C03}.Debug|x64.ActiveCfg = Debug|x64
		{889C54E2-0039-4413-9FF7-804880438C03}.Debug|x64.Build.0 = Debug|x64
		{889C54E2-0039-4413-9FF7-804880438C03}.Debug|x86.ActiveCfg = Debug|x86
		{889C54E2-0039-4413-9FF7-804880438C03}.Debug|x86.Build.0 = Debug|x86
		{889C54E2-0039-4413-9FF7-804880438C03}.Release|Any CPU.ActiveCfg = Release|x64
		{889C54E2-0039-4413-9FF7-804880438C03}.Release|Mixed Platforms.ActiveCfg = Release|x86
		{889C54E2-0039-4413-9FF7-804880438C03}.Release|Mixed Platforms.Build.0 = Release|x86
		{889C54E2-0039-4413-9FF7-804880438C03}.Release|Win32.ActiveCfg = Release|x86
		{889C54E2-0039-4413-9FF7-804880438C03}.Release|x64.ActiveCfg = Release|x64
		{889C54E2-0039-4413-9FF7-804880438C03}.Release|x64.Build.0 = Release|x64
		{889C54E2-0039-4413-9FF7-804880438C03}.Release|x86.ActiveCfg = Release|x86
		{889C54E2-0039-4413-9FF7-804880438C03}.Release|x86.Build.0 = Release|x86
		{7B804D93-5BED-44B3-94E6-4CC7F32F3B07}.Debug|Any CPU.ActiveCfg = Debug|x64
		{7B804D93-5BED-44B3-94E6-4CC7F32F3B07}.Debug|Mixed Platforms.ActiveCfg = Debug|Win32
		{7B804D93-5BED-44B3-94E6-4CC7F32F3B07}.Debug|Mixed Platforms.Build.0 = Debug|Win32
		{7B804D93-5BED-44B3-94E6-4CC7F32F3B07}.Debug|Win32.ActiveCfg = Debug|Win32
		{7B804D93-5BED-44B3-94E6-4CC7F32F3B07}.Debug|Win32.Build.0 = Debug|Win32
		{7B804D93-5BED-44B3-94E6-4CC7F32F3B07}.Debug|x64.ActiveCfg = Debug|x64
		{7B804D93-5BED-44B3-94E6-4CC7F32F3B07}.Debug|x64.Build.0 = Debug|x64
		{7B804D93-5BED-44B3-94E6-4CC7F32F3B07}.Debug|x86.ActiveCfg = Debug|Win32
		{7B804D93-5BED-44B3-94E6-4CC7F32F3B07}.Release|Any CPU.ActiveCfg = Release|x64
		{7B804D93-5BED-44B3-94E6-4CC7F32F3B07}.Release|Mixed Platforms.ActiveCfg = Release|Win32
		{7B804D93-5BED-44B3-94E6-4CC7F32F3B07}.Release|Mixed Platforms.Build.0 = Release|Win32
		{7B804D93-5BED-44B3-94E6-4CC7F32F3B07}.Release|Win32.ActiveCfg = Release|Win32
		{7B804D93-5BED-44B3-94E6-4CC7F32F3B07}.Release|Win32.Build.0 = Release|Win32
		{7B804D93-5BED-44B3-94E6-4CC7F32F3B07}.Release|x64.ActiveCfg = Release|x64
		{7B804D93-5BED-44B3-94E6-4CC7F32F3B07}.Release|x64.Build.0 = Release|x64
		{7B804D93-5BED-44B3-94E6-4CC7F32F3B07}.Release|x86.ActiveCfg = Release|Win32
		{2FF0A361-FC84-437C-95C9-7BF9B637AAC9}.Debug|Any CPU.ActiveCfg = Debug|x64
		{2FF0A361-FC84-437C-95C9-7BF9B637AAC9}.Debug|Mixed Platforms.ActiveCfg = Debug|Win32
		{2FF0A361-FC84-437C-95C9-7BF9B637AAC9}.Debug|Mixed Platforms.Build.0 = Debug|Win32
		{2FF0A361-FC84-437C-95C9-7BF9B637AAC9}.Debug|Win32.ActiveCfg = Debug|Win32
		{2FF0A361-FC84-437C-95C9-7BF9B637AAC9}.Debug|Win32.Build.0 = Debug|Win32
		{2FF0A361-FC84-437C-95C9-7BF9B637AAC9}.Debug|x64.ActiveCfg = Debug|x64
		{2FF0A361-FC84-437C-95C9-7BF9B637AAC9}.Debug|x64.Build.0 = Debug|x64
		{2FF0A361-FC84-437C-95C9-7BF9B637AAC9}.Debug|x86.ActiveCfg = Debug|Win32
		{2FF0A361-FC84-437C-95C9-7BF9B637AAC9}.Release|Any CPU.ActiveCfg = Release|x64
		{2FF0A361-FC84-437C-95C9-7BF9B637AAC9}.Release|Mixed Platforms.ActiveCfg = Release|Win32
		{2FF0A361-FC84-437C-95C9-7BF9B637AAC9}.Release|Mixed Platforms.Build.0 = Release|Win32
		{2FF0A361-FC84-437C-95C9-7BF9B637AAC9}.Release|Win32.ActiveCfg = Release|Win32
		{2FF0A361-FC84-437C-95C9-7BF9B637AAC9}.Release|Win32.Build.0 = Release|Win32
		{2FF0A361-FC84-437C-95C9-7BF9B637AAC9}.Release|x64.ActiveCfg = Release|x64
		{2FF0A361-FC84-437C-95C9-7BF9B637AAC9}.Release|x64.Build.0 = Release|x64
		{2FF0A361-FC84-437C-95C9-7BF9B637AAC9}.Release|x86.ActiveCfg = Release|Win32
		{8DBEA0B0-BA65-4EB3-B8E5-5D28020A55C5}.Debug|Any CPU.ActiveCfg = Debug|x64
		{8DBEA0B0-BA65-4EB3-B8E5-5D28020A55C5}.Debug|Mixed Platforms.ActiveCfg = Debug|x64
		{8DBEA0B0-BA65-4EB3-B8E5-5D28020A55C5}.Debug|Mixed Platforms.Build.0 = Debug|x64
		{8DBEA0B0-BA65-4EB3-B8E5-5D28020A55C5}.Debug|Win32.ActiveCfg = Debug|Win32
		{8DBEA0B0-BA65-4EB3-B8E5-5D28020A55C5}.Debug|Win32.Build.0 = Debug|Win32
		{8DBEA0B0-BA65-4EB3-B8E5-5D28020A55C5}.Debug|x64.ActiveCfg = Debug|x64
		{8DBEA0B0-BA65-4EB3-B8E5-5D28020A55C5}.Debug|x64.Build.0 = Debug|x64
		{8DBEA0B0-BA65-4EB3-B8E5-5D28020A55C5}.Debug|x86.ActiveCfg = Debug|x64
		{8DBEA0B0-BA65-4EB3-B8E5-5D28020A55C5}.Release|Any CPU.ActiveCfg = Release|x64
		{8DBEA0B0-BA65-4EB3-B8E5-5D28020A55C5}.Release|Mixed Platforms.ActiveCfg = Release|x64
		{8DBEA0B0-BA65-4EB3-B8E5-5D28020A55C5}.Release|Mixed Platforms.Build.0 = Release|x64
		{8DBEA0B0-BA65-4EB3-B8E5-5D28020A55C5}.Release|Win32.ActiveCfg = Release|Win32
		{8DBEA0B0-BA65-4EB3-B8E5-5D28020A55C5}.Release|Win32.Build.0 = Release|Win32
		{8DBEA0B0-BA65-4EB3-B8E5-5D28020A55C5}.Release|x64.ActiveCfg = Release|x64
		{8DBEA0B0-BA65-4EB3-B8E5-5D28020A55C5}.Release|x64.Build.0 = Release|x64
		{8DBEA0B0-BA65-4EB3-B8E5-5D28020A55C5}.Release|x86.ActiveCfg = Release|x64
		{3BD999A4-1ED7-4A98-9AEE-91EBA7D6CAF9}.Debug|Any CPU.ActiveCfg = Debug|x64
		{3BD999A4-1ED7-4A98-9AEE-91EBA7D6CAF9}.Debug|Mixed Platforms.ActiveCfg = Debug|x64
		{3BD999A4-1ED7-4A98-9AEE-91EBA7D6CAF9}.Debug|Mixed Platforms.Build.0 = Debug|x64
		{3BD999A4-1ED7-4A98-9AEE-91EBA7D6CAF9}.Debug|Win32.ActiveCfg = Debug|Win32
		{3BD999A4-1ED7-4A98-9AEE-91EBA7D6CAF9}.Debug|Win32.Build.0 = Debug|Win32
		{3BD999A4-1ED7-4A98-9AEE-91EBA7D6CAF9}.Debug|x64.ActiveCfg = Debug|x64
		{3BD999A4-1ED7-4A98-9AEE-91EBA7D6CAF9}.Debug|x64.Build.0 = Debug|x64
		{3BD999A4-1ED7-4A98-9AEE-91EBA7D6CAF9}.Debug|x86.ActiveCfg = Debug|x64
		{3BD999A4-1ED7-4A98-9AEE-91EBA7D6CAF9}.Release|Any CPU.ActiveCfg = Release|x64
		{3BD999A4-1ED7-4A98-9AEE-91EBA7D6CAF9}.Release|Mixed Platforms.ActiveCfg = Release|x64
		{3BD999A4-1ED7-4A98-9AEE-91EBA7D6CAF9}.Release|Mixed Platforms.Build.0 = Release|x64
		{3BD999A4-1ED7-4A98-9AEE-91EBA7D6CAF9}.Release|Win32.ActiveCfg = Release|Win32
		{3BD999A4-1ED7-4A98-9AEE-91EBA7D6CAF9}.Release|Win32.Build.0 = Release|Win32
		{3BD999A4-1ED7-4A98-9AEE-91EBA7D6CAF9}.Release|x64.ActiveCfg = Release|x64
		{3BD999A4-1ED7-4A98-9AEE-91EBA7D6CAF9}.Release|x64.Build.0 = Release|x64
		{3BD999A4-1ED7-4A98-9AEE-91EBA7D6CAF9}.Release|x86.ActiveCfg = Release|x64
		{84C9E16A-93E3-4105-A3AF-0533131EB43D}.Debug|Any CPU.ActiveCfg = Debug|x64
		{84C9E16A-93E3-4105-A3AF-0533131EB43D}.Debug|Mixed Platforms.ActiveCfg = Debug|x64
		{84C9E16A-93E3-4105-A3AF-0533131EB43D}.Debug|Mixed Platforms.Build.0 = Debug|x64
		{84C9E16A-93E3-4105-A3AF-0533131EB43D}.Debug|Win32.ActiveCfg = Debug|Win32
		{84C9E16A-93E3-4105-A3AF-0533131EB43D}.Debug|Win32.Build.0 = Debug|Win32
		{84C9E16A-93E3-4105-A3AF-0533131EB43D}.Debug|x64.ActiveCfg = Debug|x64
		{84C9E16A-93E3-4105-A3AF-0533131EB43D}.Debug|x64.Build.0 = Debug|x64
		{84C9E16A-93E3-4105-A3AF-0533131EB43D}.Debug|x86.ActiveCfg = Debug|x64
		{84C9E16A-93E3-4105-A3AF-0533131EB43D}.Release|Any CPU.ActiveCfg = Release|x64
		{84C9E16A-93E3-4105-A3AF-0533131EB43D}.Release|Mixed Platforms.ActiveCfg = Release|x64
		{84C9E16A-93E3-4105-A3AF-0533131EB43D}.Release|Mixed Platforms.Build.0 = Release|x64
		{84C9E16A-93E3-4105-A3AF-0533131EB43D}.Release|Win32.ActiveCfg = Release|Win32
		{84C9E16A-93E3-4105-A3AF-0533131EB43D}.Release|Win32.Build.0 = Release|Win32
		{84C9E16A-93E3-4105-A3AF-0533131EB43D}.Release|x64.ActiveCfg = Release|x64
		{84C9E16A-93E3-4105-A3AF-0533131EB43D}.Release|x64.Build.0 = Release|x64
		{84C9E16A-93E3-4105-A3AF-0533131EB43D}.Release|x86.ActiveCfg = Release|x64
		{0DA7E84B-98C6-49B4-89E9-C685FA3C928D}.Debug|Any CPU.ActiveCfg = Debug|Any CPU
		{0DA7E84B-98C6-49B4-89E9-C685FA3C928D}.Debug|Any CPU.Build.0 = Debug|Any CPU
		{0DA7E84B-98C6-49B4-89E9-C685FA3C928D}.Debug|Mixed Platforms.ActiveCfg = Debug|x86
		{0DA7E84B-98C6-49B4-89E9-C685FA3C928D}.Debug|Mixed Platforms.Build.0 = Debug|x86
		{0DA7E84B-98C6-49B4-89E9-C685FA3C928D}.Debug|Win32.ActiveCfg = Debug|x86
		{0DA7E84B-98C6-49B4-89E9-C685FA3C928D}.Debug|Win32.Build.0 = Debug|x86
		{0DA7E84B-98C6-49B4-89E9-C685FA3C928D}.Debug|x64.ActiveCfg = Debug|x86
		{0DA7E84B-98C6-49B4-89E9-C685FA3C928D}.Debug|x64.Build.0 = Debug|x86
		{0DA7E84B-98C6-49B4-89E9-C685FA3C928D}.Debug|x86.ActiveCfg = Debug|x86
		{0DA7E84B-98C6-49B4-89E9-C685FA3C928D}.Debug|x86.Build.0 = Debug|x86
		{0DA7E84B-98C6-49B4-89E9-C685FA3C928D}.Release|Any CPU.ActiveCfg = Release|Any CPU
		{0DA7E84B-98C6-49B4-89E9-C685FA3C928D}.Release|Any CPU.Build.0 = Release|Any CPU
		{0DA7E84B-98C6-49B4-89E9-C685FA3C928D}.Release|Mixed Platforms.ActiveCfg = Release|x86
		{0DA7E84B-98C6-49B4-89E9-C685FA3C928D}.Release|Mixed Platforms.Build.0 = Release|x86
		{0DA7E84B-98C6-49B4-89E9-C685FA3C928D}.Release|Win32.ActiveCfg = Release|x86
		{0DA7E84B-98C6-49B4-89E9-C685FA3C928D}.Release|x64.ActiveCfg = Release|x86
		{0DA7E84B-98C6-49B4-89E9-C685FA3C928D}.Release|x86.ActiveCfg = Release|x86
		{0DA7E84B-98C6-49B4-89E9-C685FA3C928D}.Release|x86.Build.0 = Release|x86
		{3890952F-8D06-46A8-8731-5131F30FE9F8}.Debug|Any CPU.ActiveCfg = Debug|Win32
		{3890952F-8D06-46A8-8731-5131F30FE9F8}.Debug|Mixed Platforms.ActiveCfg = Debug|Win32
		{3890952F-8D06-46A8-8731-5131F30FE9F8}.Debug|Mixed Platforms.Build.0 = Debug|Win32
		{3890952F-8D06-46A8-8731-5131F30FE9F8}.Debug|Win32.ActiveCfg = Debug|Win32
		{3890952F-8D06-46A8-8731-5131F30FE9F8}.Debug|Win32.Build.0 = Debug|Win32
		{3890952F-8D06-46A8-8731-5131F30FE9F8}.Debug|x64.ActiveCfg = Debug|x64
		{3890952F-8D06-46A8-8731-5131F30FE9F8}.Debug|x64.Build.0 = Debug|x64
		{3890952F-8D06-46A8-8731-5131F30FE9F8}.Debug|x86.ActiveCfg = Debug|Win32
		{3890952F-8D06-46A8-8731-5131F30FE9F8}.Release|Any CPU.ActiveCfg = Release|Win32
		{3890952F-8D06-46A8-8731-5131F30FE9F8}.Release|Mixed Platforms.ActiveCfg = Release|Win32
		{3890952F-8D06-46A8-8731-5131F30FE9F8}.Release|Mixed Platforms.Build.0 = Release|Win32
		{3890952F-8D06-46A8-8731-5131F30FE9F8}.Release|Win32.ActiveCfg = Release|Win32
		{3890952F-8D06-46A8-8731-5131F30FE9F8}.Release|Win32.Build.0 = Release|Win32
		{3890952F-8D06-46A8-8731-5131F30FE9F8}.Release|x64.ActiveCfg = Release|x64
		{3890952F-8D06-46A8-8731-5131F30FE9F8}.Release|x64.Build.0 = Release|x64
		{3890952F-8D06-46A8-8731-5131F30FE9F8}.Release|x86.ActiveCfg = Release|Win32
	EndGlobalSection
	GlobalSection(SolutionProperties) = preSolution
		HideSolutionNode = FALSE
	EndGlobalSection
	GlobalSection(NestedProjects) = preSolution
		{7B804D93-5BED-44B3-94E6-4CC7F32F3B07} = {83A6E92A-C9C4-4634-B1E7-357467A9340E}
		{84C9E16A-93E3-4105-A3AF-0533131EB43D} = {E71E9608-6EDD-4A4D-A173-BF6B337549A3}
		{3BD999A4-1ED7-4A98-9AEE-91EBA7D6CAF9} = {E71E9608-6EDD-4A4D-A173-BF6B337549A3}
		{0DA7E84B-98C6-49B4-89E9-C685FA3C928D} = {46C64A91-C1B1-48D2-89B0-B102895144B7}
	EndGlobalSection
	GlobalSection(TeamFoundationVersionControl) = preSolution
		SccNumberOfProjects = 7
		SccEnterpriseProvider = {4CA58AB2-18FA-4F8D-95D4-32DDF27D184C}
		SccTeamFoundationServer = http://cybertfs.msp.cyberoptics.com:8080/
		SccLocalPath0 = .
		SccProjectUniqueName1 = CyberStitchTester.csproj
		SccLocalPath1 = .
		SccProjectUniqueName2 = ..\\..\\logic\\CyberStitch\\CyberStitch.vcxproj
		SccProjectName2 = ../../logic/CyberStitch
		SccLocalPath2 = ..\\..\\logic\\CyberStitch
		SccProjectUniqueName3 = ..\\..\\logic\\ManagedCyberStitch\\ManagedCyberStitch.vcxproj
		SccProjectName3 = ../../logic/ManagedCyberStitch
		SccLocalPath3 = ..\\..\\logic\\ManagedCyberStitch
		SccProjectUniqueName4 = ..\\..\\GetExternalDeps\\GetExternalDeps.vcxproj
		SccProjectName4 = ../../GetExternalDeps
		SccLocalPath4 = ..\\..\\GetExternalDeps
		SccProjectUniqueName5 = ..\\..\\logic\\ImageDefines\\ImageDefines.vcxproj
		SccProjectName5 = ../../logic/ImageDefines
		SccLocalPath5 = ..\\..\\logic\\ImageDefines
	EndGlobalSection
EndGlobal
