
Microsoft Visual Studio Solution File, Format Version 11.00
# Visual Studio 2010
Project("{FAE04EC0-301F-11D3-BF4B-00C04F79EFBC}") = "CyberStitchTester", "CyberStitchTester.csproj", "{889C54E2-0039-4413-9FF7-804880438C03}"
EndProject
Project("{2150E333-8FDC-42A3-9474-1A3956D46DE8}") = "Build", "Build", "{83A6E92A-C9C4-4634-B1E7-357467A9340E}"
	ProjectSection(SolutionItems) = preProject
		..\..\..\build.proj = ..\..\..\build.proj
		..\..\..\Doxyfile = ..\..\..\Doxyfile
		..\..\..\ProjectManifest.xml = ..\..\..\ProjectManifest.xml
		..\..\..\ProjectManifest.xsl = ..\..\..\ProjectManifest.xsl
		..\..\..\release_notes.htm = ..\..\..\release_notes.htm
	EndProjectSection
EndProject
Project("{8BC9CEB8-8B4A-11D0-8D11-00A0C91BC942}") = "GetExternalDeps", "..\..\GetExternalDeps\GetExternalDeps.vcxproj", "{7B804D93-5BED-44B3-94E6-4CC7F32F3B07}"
EndProject
Project("{8BC9CEB8-8B4A-11D0-8D11-00A0C91BC942}") = "ImageDefines", "..\..\logic\ImageDefines\ImageDefines.vcxproj", "{2FF0A361-FC84-437C-95C9-7BF9B637AAC9}"
	ProjectSection(ProjectDependencies) = postProject
		{7B804D93-5BED-44B3-94E6-4CC7F32F3B07} = {7B804D93-5BED-44B3-94E6-4CC7F32F3B07}
	EndProjectSection
EndProject
Project("{8BC9CEB8-8B4A-11D0-8D11-00A0C91BC942}") = "ImageCorrelation", "..\..\logic\ImageCorrelation\ImageCorrelation.vcxproj", "{8DBEA0B0-BA65-4EB3-B8E5-5D28020A55C5}"
	ProjectSection(ProjectDependencies) = postProject
		{3890952F-8D06-46A8-8731-5131F30FE9F8} = {3890952F-8D06-46A8-8731-5131F30FE9F8}
		{2FF0A361-FC84-437C-95C9-7BF9B637AAC9} = {2FF0A361-FC84-437C-95C9-7BF9B637AAC9}
	EndProjectSection
EndProject
Project("{8BC9CEB8-8B4A-11D0-8D11-00A0C91BC942}") = "MosaicDataModel", "..\..\logic\MosaicDataModel\MosaicDataModel.vcxproj", "{3BD999A4-1ED7-4A98-9AEE-91EBA7D6CAF9}"
	ProjectSection(ProjectDependencies) = postProject
		{2FF0A361-FC84-437C-95C9-7BF9B637AAC9} = {2FF0A361-FC84-437C-95C9-7BF9B637AAC9}
	EndProjectSection
EndProject
Project("{8BC9CEB8-8B4A-11D0-8D11-00A0C91BC942}") = "ManagedMosaicDataModel", "..\..\logic\ManagedMosaicDataModel\ManagedMosaicDataModel.vcxproj", "{84C9E16A-93E3-4105-A3AF-0533131EB43D}"
	ProjectSection(ProjectDependencies) = postProject
		{2FF0A361-FC84-437C-95C9-7BF9B637AAC9} = {2FF0A361-FC84-437C-95C9-7BF9B637AAC9}
	EndProjectSection
EndProject
Project("{FAE04EC0-301F-11D3-BF4B-00C04F79EFBC}") = "ManagedMosaicDataModelUnitTest", "..\..\logic\ManagedMosaicDataModel\ManagedMosaicDataModelUnitTest\ManagedMosaicDataModelUnitTest.csproj", "{0DA7E84B-98C6-49B4-89E9-C685FA3C928D}"
EndProject
Project("{2150E333-8FDC-42A3-9474-1A3956D46DE8}") = "DataModel", "DataModel", "{E71E9608-6EDD-4A4D-A173-BF6B337549A3}"
EndProject
Project("{2150E333-8FDC-42A3-9474-1A3956D46DE8}") = "Tests", "Tests", "{46C64A91-C1B1-48D2-89B0-B102895144B7}"
EndProject
Project("{8BC9CEB8-8B4A-11D0-8D11-00A0C91BC942}") = "VsNgcWrapper", "..\..\logic\VsNgcWrapper\VsNgcWrapper.vcxproj", "{3890952F-8D06-46A8-8731-5131F30FE9F8}"
	ProjectSection(ProjectDependencies) = postProject
		{7B804D93-5BED-44B3-94E6-4CC7F32F3B07} = {7B804D93-5BED-44B3-94E6-4CC7F32F3B07}
	EndProjectSection
EndProject
Project("{8BC9CEB8-8B4A-11D0-8D11-00A0C91BC942}") = "PanelAlignment", "..\..\logic\PanelAlignment\PanelAlignment.vcxproj", "{C71CA433-5C57-43DB-BA7E-1F4CBB229951}"
	ProjectSection(ProjectDependencies) = postProject
		{2FF0A361-FC84-437C-95C9-7BF9B637AAC9} = {2FF0A361-FC84-437C-95C9-7BF9B637AAC9}
		{84C9E16A-93E3-4105-A3AF-0533131EB43D} = {84C9E16A-93E3-4105-A3AF-0533131EB43D}
		{7B804D93-5BED-44B3-94E6-4CC7F32F3B07} = {7B804D93-5BED-44B3-94E6-4CC7F32F3B07}
		{8DBEA0B0-BA65-4EB3-B8E5-5D28020A55C5} = {8DBEA0B0-BA65-4EB3-B8E5-5D28020A55C5}
	EndProjectSection
EndProject
Project("{8BC9CEB8-8B4A-11D0-8D11-00A0C91BC942}") = "TransformsCreator", "..\..\logic\TransformsCreator\TransformsCreator.vcxproj", "{2C9A3646-95BE-4168-AD77-57DBFC0E55A4}"
	ProjectSection(ProjectDependencies) = postProject
		{7B804D93-5BED-44B3-94E6-4CC7F32F3B07} = {7B804D93-5BED-44B3-94E6-4CC7F32F3B07}
	EndProjectSection
EndProject
Project("{8BC9CEB8-8B4A-11D0-8D11-00A0C91BC942}") = "Panel", "..\..\logic\Panel\Panel.vcxproj", "{472145E5-F493-4DD4-AC4B-05AE3189245F}"
	ProjectSection(ProjectDependencies) = postProject
		{7B804D93-5BED-44B3-94E6-4CC7F32F3B07} = {7B804D93-5BED-44B3-94E6-4CC7F32F3B07}
	EndProjectSection
EndProject
Project("{8BC9CEB8-8B4A-11D0-8D11-00A0C91BC942}") = "CPanel", "..\..\logic\CPanel\CPanel.vcxproj", "{D6409417-3FC6-4EF2-9AFC-04CC54CC71CF}"
	ProjectSection(ProjectDependencies) = postProject
		{472145E5-F493-4DD4-AC4B-05AE3189245F} = {472145E5-F493-4DD4-AC4B-05AE3189245F}
	EndProjectSection
EndProject
Project("{FAE04EC0-301F-11D3-BF4B-00C04F79EFBC}") = "CPanelIO", "..\..\logic\CPanelIO\CPanelIO.csproj", "{A06AD1D0-414A-496D-89AC-8667F1019D75}"
EndProject
Project("{8BC9CEB8-8B4A-11D0-8D11-00A0C91BC942}") = "ManagedPanelAlignment", "..\..\logic\ManagedPanelAlignment\ManagedPanelAlignment.vcxproj", "{D46B74F8-444E-4536-81CC-B08444E7B819}"
	ProjectSection(ProjectDependencies) = postProject
		{D6409417-3FC6-4EF2-9AFC-04CC54CC71CF} = {D6409417-3FC6-4EF2-9AFC-04CC54CC71CF}
		{C71CA433-5C57-43DB-BA7E-1F4CBB229951} = {C71CA433-5C57-43DB-BA7E-1F4CBB229951}
		{84C9E16A-93E3-4105-A3AF-0533131EB43D} = {84C9E16A-93E3-4105-A3AF-0533131EB43D}
		{3BD999A4-1ED7-4A98-9AEE-91EBA7D6CAF9} = {3BD999A4-1ED7-4A98-9AEE-91EBA7D6CAF9}
		{8DBEA0B0-BA65-4EB3-B8E5-5D28020A55C5} = {8DBEA0B0-BA65-4EB3-B8E5-5D28020A55C5}
	EndProjectSection
EndProject
Project("{8BC9CEB8-8B4A-11D0-8D11-00A0C91BC942}") = "VsFinderWrapper", "..\..\logic\VsFinderWrapper\VsFinderWrapper.vcxproj", "{BF7D0622-E565-4DCB-9219-B767D56F2593}"
EndProject
Project("{FAE04EC0-301F-11D3-BF4B-00C04F79EFBC}") = "CPanelIOUnitTest", "..\..\logic\CPanelIO\CPanelIOUnitTest\CPanelIOUnitTest.csproj", "{2F06810E-6EB2-4E94-A6A4-C129B5CCAD81}"
EndProject
Project("{2150E333-8FDC-42A3-9474-1A3956D46DE8}") = "Solution Items", "Solution Items", "{D52CAE91-2B4B-4061-BD21-1C9F39426386}"
	ProjectSection(SolutionItems) = preProject
		CyberStitchTester1.vsmdi = CyberStitchTester1.vsmdi
		Local.testsettings = Local.testsettings
		TraceAndTestImpact.testsettings = TraceAndTestImpact.testsettings
	EndProjectSection
EndProject
Global
	GlobalSection(TeamFoundationVersionControl) = preSolution
		SccNumberOfProjects = 17
		SccEnterpriseProvider = {4CA58AB2-18FA-4F8D-95D4-32DDF27D184C}
		SccTeamFoundationServer = http://cybertfs.msp.cyberoptics.com:8080/
		SccLocalPath0 = .
		SccProjectUniqueName1 = CyberStitchTester.csproj
		SccLocalPath1 = .
		SccProjectUniqueName2 = ..\\..\\GetExternalDeps\\GetExternalDeps.vcxproj
		SccProjectTopLevelParentUniqueName2 = CyberStitchTester.sln
		SccProjectName2 = ../../GetExternalDeps
		SccLocalPath2 = ..\\..\\GetExternalDeps
		SccProjectUniqueName3 = ..\\..\\logic\\ImageDefines\\ImageDefines.vcxproj
		SccProjectName3 = ../../logic/ImageDefines
		SccLocalPath3 = ..\\..\\logic\\ImageDefines
		SccProjectUniqueName4 = ..\\..\\logic\\ImageCorrelation\\ImageCorrelation.vcxproj
		SccProjectName4 = ../../logic/ImageCorrelation
		SccLocalPath4 = ..\\..\\logic\\ImageCorrelation
		SccProjectUniqueName5 = ..\\..\\logic\\ManagedMosaicDataModel\\ManagedMosaicDataModel.vcxproj
		SccProjectTopLevelParentUniqueName5 = CyberStitchTester.sln
		SccProjectName5 = ../../logic/ManagedMosaicDataModel
		SccLocalPath5 = ..\\..\\logic\\ManagedMosaicDataModel
		SccProjectUniqueName6 = ..\\..\\logic\\MosaicDataModel\\MosaicDataModel.vcxproj
		SccProjectTopLevelParentUniqueName6 = CyberStitchTester.sln
		SccProjectName6 = ../../logic/MosaicDataModel
		SccLocalPath6 = ..\\..\\logic\\MosaicDataModel
		SccProjectUniqueName7 = ..\\..\\logic\\ManagedMosaicDataModel\\ManagedMosaicDataModelUnitTest\\ManagedMosaicDataModelUnitTest.csproj
		SccProjectTopLevelParentUniqueName7 = CyberStitchTester.sln
		SccProjectName7 = ../../logic/ManagedMosaicDataModel/ManagedMosaicDataModelUnitTest
		SccLocalPath7 = ..\\..\\logic\\ManagedMosaicDataModel\\ManagedMosaicDataModelUnitTest
		SccProjectUniqueName8 = ..\\..\\logic\\VsNgcWrapper\\VsNgcWrapper.vcxproj
		SccProjectName8 = ../../logic/VsNgcWrapper
		SccLocalPath8 = ..\\..\\logic\\VsNgcWrapper
		SccProjectUniqueName9 = ..\\..\\logic\\PanelAlignment\\PanelAlignment.vcxproj
		SccProjectName9 = ../../logic/PanelAlignment
		SccLocalPath9 = ..\\..\\logic\\PanelAlignment
		SccProjectUniqueName10 = ..\\..\\logic\\TransformsCreator\\TransformsCreator.vcxproj
		SccProjectName10 = ../../logic/TransformsCreator
		SccLocalPath10 = ..\\..\\logic\\TransformsCreator
		SccProjectUniqueName11 = ..\\..\\logic\\Panel\\Panel.vcxproj
		SccProjectTopLevelParentUniqueName11 = CyberStitchTester.sln
		SccProjectName11 = ../../logic/Panel
		SccLocalPath11 = ..\\..\\logic\\Panel
		SccProjectUniqueName12 = ..\\..\\logic\\CPanel\\CPanel.vcxproj
		SccProjectTopLevelParentUniqueName12 = CyberStitchTester.sln
		SccProjectName12 = ../../logic/CPanel
		SccLocalPath12 = ..\\..\\logic\\CPanel
		SccProjectUniqueName13 = ..\\..\\logic\\CPanelIO\\CPanelIO.csproj
		SccProjectName13 = ../../logic/CPanelIO
		SccLocalPath13 = ..\\..\\logic\\CPanelIO
		SccProjectUniqueName14 = ..\\..\\logic\\ManagedPanelAlignment\\ManagedPanelAlignment.vcxproj
		SccProjectName14 = ../../logic/ManagedPanelAlignment
		SccLocalPath14 = ..\\..\\logic\\ManagedPanelAlignment
		SccProjectUniqueName15 = ..\\..\\logic\\VsFinderWrapper\\VsFinderWrapper.vcxproj
		SccProjectName15 = ../../logic/VsFinderWrapper
		SccLocalPath15 = ..\\..\\logic\\VsFinderWrapper
		SccProjectUniqueName16 = ..\\..\\logic\\CPanelIO\\CPanelIOUnitTest\\CPanelIOUnitTest.csproj
		SccProjectTopLevelParentUniqueName16 = CyberStitchTester.sln
		SccProjectName16 = ../../logic/CPanelIO/CPanelIOUnitTest
		SccLocalPath16 = ..\\..\\logic\\CPanelIO\\CPanelIOUnitTest
	EndGlobalSection
	GlobalSection(TestCaseManagementSettings) = postSolution
		CategoryFile = CyberStitchTester1.vsmdi
	EndGlobalSection
	GlobalSection(SolutionConfigurationPlatforms) = preSolution
		Debug|Any CPU = Debug|Any CPU
		Debug|Mixed Platforms = Debug|Mixed Platforms
		Debug|Win32 = Debug|Win32
		Debug|x64 = Debug|x64
		Release|Any CPU = Release|Any CPU
		Release|Mixed Platforms = Release|Mixed Platforms
		Release|Win32 = Release|Win32
		Release|x64 = Release|x64
	EndGlobalSection
	GlobalSection(ProjectConfigurationPlatforms) = postSolution
		{889C54E2-0039-4413-9FF7-804880438C03}.Debug|Any CPU.ActiveCfg = Debug|x64
		{889C54E2-0039-4413-9FF7-804880438C03}.Debug|Mixed Platforms.ActiveCfg = Debug|x64
		{889C54E2-0039-4413-9FF7-804880438C03}.Debug|Mixed Platforms.Build.0 = Debug|x64
		{889C54E2-0039-4413-9FF7-804880438C03}.Debug|Win32.ActiveCfg = Debug|x86
		{889C54E2-0039-4413-9FF7-804880438C03}.Debug|Win32.Build.0 = Debug|x86
		{889C54E2-0039-4413-9FF7-804880438C03}.Debug|x64.ActiveCfg = Debug|x64
		{889C54E2-0039-4413-9FF7-804880438C03}.Debug|x64.Build.0 = Debug|x64
		{889C54E2-0039-4413-9FF7-804880438C03}.Release|Any CPU.ActiveCfg = Release|x64
		{889C54E2-0039-4413-9FF7-804880438C03}.Release|Mixed Platforms.ActiveCfg = Release|x64
		{889C54E2-0039-4413-9FF7-804880438C03}.Release|Mixed Platforms.Build.0 = Release|x64
		{889C54E2-0039-4413-9FF7-804880438C03}.Release|Win32.ActiveCfg = Release|x86
		{889C54E2-0039-4413-9FF7-804880438C03}.Release|x64.ActiveCfg = Release|x64
		{889C54E2-0039-4413-9FF7-804880438C03}.Release|x64.Build.0 = Release|x64
		{7B804D93-5BED-44B3-94E6-4CC7F32F3B07}.Debug|Any CPU.ActiveCfg = Debug|x64
		{7B804D93-5BED-44B3-94E6-4CC7F32F3B07}.Debug|Mixed Platforms.ActiveCfg = Debug|x64
		{7B804D93-5BED-44B3-94E6-4CC7F32F3B07}.Debug|Mixed Platforms.Build.0 = Debug|x64
		{7B804D93-5BED-44B3-94E6-4CC7F32F3B07}.Debug|Win32.ActiveCfg = Debug|Win32
		{7B804D93-5BED-44B3-94E6-4CC7F32F3B07}.Debug|Win32.Build.0 = Debug|Win32
		{7B804D93-5BED-44B3-94E6-4CC7F32F3B07}.Debug|x64.ActiveCfg = Debug|x64
		{7B804D93-5BED-44B3-94E6-4CC7F32F3B07}.Debug|x64.Build.0 = Debug|x64
		{7B804D93-5BED-44B3-94E6-4CC7F32F3B07}.Release|Any CPU.ActiveCfg = Release|x64
		{7B804D93-5BED-44B3-94E6-4CC7F32F3B07}.Release|Mixed Platforms.ActiveCfg = Release|x64
		{7B804D93-5BED-44B3-94E6-4CC7F32F3B07}.Release|Mixed Platforms.Build.0 = Release|x64
		{7B804D93-5BED-44B3-94E6-4CC7F32F3B07}.Release|Win32.ActiveCfg = Release|Win32
		{7B804D93-5BED-44B3-94E6-4CC7F32F3B07}.Release|Win32.Build.0 = Release|Win32
		{7B804D93-5BED-44B3-94E6-4CC7F32F3B07}.Release|x64.ActiveCfg = Release|x64
		{7B804D93-5BED-44B3-94E6-4CC7F32F3B07}.Release|x64.Build.0 = Release|x64
		{2FF0A361-FC84-437C-95C9-7BF9B637AAC9}.Debug|Any CPU.ActiveCfg = Debug|x64
		{2FF0A361-FC84-437C-95C9-7BF9B637AAC9}.Debug|Mixed Platforms.ActiveCfg = Debug|x64
		{2FF0A361-FC84-437C-95C9-7BF9B637AAC9}.Debug|Mixed Platforms.Build.0 = Debug|x64
		{2FF0A361-FC84-437C-95C9-7BF9B637AAC9}.Debug|Win32.ActiveCfg = Debug|Win32
		{2FF0A361-FC84-437C-95C9-7BF9B637AAC9}.Debug|Win32.Build.0 = Debug|Win32
		{2FF0A361-FC84-437C-95C9-7BF9B637AAC9}.Debug|x64.ActiveCfg = Debug|x64
		{2FF0A361-FC84-437C-95C9-7BF9B637AAC9}.Debug|x64.Build.0 = Debug|x64
		{2FF0A361-FC84-437C-95C9-7BF9B637AAC9}.Release|Any CPU.ActiveCfg = Release|x64
		{2FF0A361-FC84-437C-95C9-7BF9B637AAC9}.Release|Mixed Platforms.ActiveCfg = Release|x64
		{2FF0A361-FC84-437C-95C9-7BF9B637AAC9}.Release|Mixed Platforms.Build.0 = Release|x64
		{2FF0A361-FC84-437C-95C9-7BF9B637AAC9}.Release|Win32.ActiveCfg = Release|Win32
		{2FF0A361-FC84-437C-95C9-7BF9B637AAC9}.Release|Win32.Build.0 = Release|Win32
		{2FF0A361-FC84-437C-95C9-7BF9B637AAC9}.Release|x64.ActiveCfg = Release|x64
		{2FF0A361-FC84-437C-95C9-7BF9B637AAC9}.Release|x64.Build.0 = Release|x64
		{8DBEA0B0-BA65-4EB3-B8E5-5D28020A55C5}.Debug|Any CPU.ActiveCfg = Debug|x64
		{8DBEA0B0-BA65-4EB3-B8E5-5D28020A55C5}.Debug|Mixed Platforms.ActiveCfg = Debug|x64
		{8DBEA0B0-BA65-4EB3-B8E5-5D28020A55C5}.Debug|Mixed Platforms.Build.0 = Debug|x64
		{8DBEA0B0-BA65-4EB3-B8E5-5D28020A55C5}.Debug|Win32.ActiveCfg = Debug|Win32
		{8DBEA0B0-BA65-4EB3-B8E5-5D28020A55C5}.Debug|Win32.Build.0 = Debug|Win32
		{8DBEA0B0-BA65-4EB3-B8E5-5D28020A55C5}.Debug|x64.ActiveCfg = Debug|x64
		{8DBEA0B0-BA65-4EB3-B8E5-5D28020A55C5}.Debug|x64.Build.0 = Debug|x64
		{8DBEA0B0-BA65-4EB3-B8E5-5D28020A55C5}.Release|Any CPU.ActiveCfg = Release|x64
		{8DBEA0B0-BA65-4EB3-B8E5-5D28020A55C5}.Release|Mixed Platforms.ActiveCfg = Release|x64
		{8DBEA0B0-BA65-4EB3-B8E5-5D28020A55C5}.Release|Mixed Platforms.Build.0 = Release|x64
		{8DBEA0B0-BA65-4EB3-B8E5-5D28020A55C5}.Release|Win32.ActiveCfg = Release|Win32
		{8DBEA0B0-BA65-4EB3-B8E5-5D28020A55C5}.Release|Win32.Build.0 = Release|Win32
		{8DBEA0B0-BA65-4EB3-B8E5-5D28020A55C5}.Release|x64.ActiveCfg = Release|x64
		{8DBEA0B0-BA65-4EB3-B8E5-5D28020A55C5}.Release|x64.Build.0 = Release|x64
		{3BD999A4-1ED7-4A98-9AEE-91EBA7D6CAF9}.Debug|Any CPU.ActiveCfg = Debug|x64
		{3BD999A4-1ED7-4A98-9AEE-91EBA7D6CAF9}.Debug|Mixed Platforms.ActiveCfg = Debug|x64
		{3BD999A4-1ED7-4A98-9AEE-91EBA7D6CAF9}.Debug|Mixed Platforms.Build.0 = Debug|x64
		{3BD999A4-1ED7-4A98-9AEE-91EBA7D6CAF9}.Debug|Win32.ActiveCfg = Debug|Win32
		{3BD999A4-1ED7-4A98-9AEE-91EBA7D6CAF9}.Debug|Win32.Build.0 = Debug|Win32
		{3BD999A4-1ED7-4A98-9AEE-91EBA7D6CAF9}.Debug|x64.ActiveCfg = Debug|x64
		{3BD999A4-1ED7-4A98-9AEE-91EBA7D6CAF9}.Debug|x64.Build.0 = Debug|x64
		{3BD999A4-1ED7-4A98-9AEE-91EBA7D6CAF9}.Release|Any CPU.ActiveCfg = Release|x64
		{3BD999A4-1ED7-4A98-9AEE-91EBA7D6CAF9}.Release|Mixed Platforms.ActiveCfg = Release|x64
		{3BD999A4-1ED7-4A98-9AEE-91EBA7D6CAF9}.Release|Mixed Platforms.Build.0 = Release|x64
		{3BD999A4-1ED7-4A98-9AEE-91EBA7D6CAF9}.Release|Win32.ActiveCfg = Release|Win32
		{3BD999A4-1ED7-4A98-9AEE-91EBA7D6CAF9}.Release|Win32.Build.0 = Release|Win32
		{3BD999A4-1ED7-4A98-9AEE-91EBA7D6CAF9}.Release|x64.ActiveCfg = Release|x64
		{3BD999A4-1ED7-4A98-9AEE-91EBA7D6CAF9}.Release|x64.Build.0 = Release|x64
		{84C9E16A-93E3-4105-A3AF-0533131EB43D}.Debug|Any CPU.ActiveCfg = Debug|x64
		{84C9E16A-93E3-4105-A3AF-0533131EB43D}.Debug|Mixed Platforms.ActiveCfg = Debug|x64
		{84C9E16A-93E3-4105-A3AF-0533131EB43D}.Debug|Mixed Platforms.Build.0 = Debug|x64
		{84C9E16A-93E3-4105-A3AF-0533131EB43D}.Debug|Win32.ActiveCfg = Debug|Win32
		{84C9E16A-93E3-4105-A3AF-0533131EB43D}.Debug|Win32.Build.0 = Debug|Win32
		{84C9E16A-93E3-4105-A3AF-0533131EB43D}.Debug|x64.ActiveCfg = Debug|x64
		{84C9E16A-93E3-4105-A3AF-0533131EB43D}.Debug|x64.Build.0 = Debug|x64
		{84C9E16A-93E3-4105-A3AF-0533131EB43D}.Release|Any CPU.ActiveCfg = Release|x64
		{84C9E16A-93E3-4105-A3AF-0533131EB43D}.Release|Mixed Platforms.ActiveCfg = Release|x64
		{84C9E16A-93E3-4105-A3AF-0533131EB43D}.Release|Mixed Platforms.Build.0 = Release|x64
		{84C9E16A-93E3-4105-A3AF-0533131EB43D}.Release|Win32.ActiveCfg = Release|Win32
		{84C9E16A-93E3-4105-A3AF-0533131EB43D}.Release|Win32.Build.0 = Release|Win32
		{84C9E16A-93E3-4105-A3AF-0533131EB43D}.Release|x64.ActiveCfg = Release|x64
		{84C9E16A-93E3-4105-A3AF-0533131EB43D}.Release|x64.Build.0 = Release|x64
		{0DA7E84B-98C6-49B4-89E9-C685FA3C928D}.Debug|Any CPU.ActiveCfg = Debug|Any CPU
		{0DA7E84B-98C6-49B4-89E9-C685FA3C928D}.Debug|Any CPU.Build.0 = Debug|Any CPU
		{0DA7E84B-98C6-49B4-89E9-C685FA3C928D}.Debug|Mixed Platforms.ActiveCfg = Debug|x86
		{0DA7E84B-98C6-49B4-89E9-C685FA3C928D}.Debug|Mixed Platforms.Build.0 = Debug|x86
		{0DA7E84B-98C6-49B4-89E9-C685FA3C928D}.Debug|Win32.ActiveCfg = Debug|x86
		{0DA7E84B-98C6-49B4-89E9-C685FA3C928D}.Debug|Win32.Build.0 = Debug|x86
		{0DA7E84B-98C6-49B4-89E9-C685FA3C928D}.Debug|x64.ActiveCfg = Debug|x86
		{0DA7E84B-98C6-49B4-89E9-C685FA3C928D}.Debug|x64.Build.0 = Debug|x86
		{0DA7E84B-98C6-49B4-89E9-C685FA3C928D}.Release|Any CPU.ActiveCfg = Release|Any CPU
		{0DA7E84B-98C6-49B4-89E9-C685FA3C928D}.Release|Any CPU.Build.0 = Release|Any CPU
		{0DA7E84B-98C6-49B4-89E9-C685FA3C928D}.Release|Mixed Platforms.ActiveCfg = Release|x86
		{0DA7E84B-98C6-49B4-89E9-C685FA3C928D}.Release|Mixed Platforms.Build.0 = Release|x86
		{0DA7E84B-98C6-49B4-89E9-C685FA3C928D}.Release|Win32.ActiveCfg = Release|x86
		{0DA7E84B-98C6-49B4-89E9-C685FA3C928D}.Release|x64.ActiveCfg = Release|x86
		{3890952F-8D06-46A8-8731-5131F30FE9F8}.Debug|Any CPU.ActiveCfg = Debug|Win32
		{3890952F-8D06-46A8-8731-5131F30FE9F8}.Debug|Mixed Platforms.ActiveCfg = Debug|x64
		{3890952F-8D06-46A8-8731-5131F30FE9F8}.Debug|Mixed Platforms.Build.0 = Debug|x64
		{3890952F-8D06-46A8-8731-5131F30FE9F8}.Debug|Win32.ActiveCfg = Debug|Win32
		{3890952F-8D06-46A8-8731-5131F30FE9F8}.Debug|Win32.Build.0 = Debug|Win32
		{3890952F-8D06-46A8-8731-5131F30FE9F8}.Debug|x64.ActiveCfg = Debug|x64
		{3890952F-8D06-46A8-8731-5131F30FE9F8}.Debug|x64.Build.0 = Debug|x64
		{3890952F-8D06-46A8-8731-5131F30FE9F8}.Release|Any CPU.ActiveCfg = Release|Win32
		{3890952F-8D06-46A8-8731-5131F30FE9F8}.Release|Mixed Platforms.ActiveCfg = Release|x64
		{3890952F-8D06-46A8-8731-5131F30FE9F8}.Release|Mixed Platforms.Build.0 = Release|x64
		{3890952F-8D06-46A8-8731-5131F30FE9F8}.Release|Win32.ActiveCfg = Release|Win32
		{3890952F-8D06-46A8-8731-5131F30FE9F8}.Release|Win32.Build.0 = Release|Win32
		{3890952F-8D06-46A8-8731-5131F30FE9F8}.Release|x64.ActiveCfg = Release|x64
		{3890952F-8D06-46A8-8731-5131F30FE9F8}.Release|x64.Build.0 = Release|x64
		{C71CA433-5C57-43DB-BA7E-1F4CBB229951}.Debug|Any CPU.ActiveCfg = Debug|Win32
		{C71CA433-5C57-43DB-BA7E-1F4CBB229951}.Debug|Mixed Platforms.ActiveCfg = Debug|x64
		{C71CA433-5C57-43DB-BA7E-1F4CBB229951}.Debug|Mixed Platforms.Build.0 = Debug|x64
		{C71CA433-5C57-43DB-BA7E-1F4CBB229951}.Debug|Win32.ActiveCfg = Debug|Win32
		{C71CA433-5C57-43DB-BA7E-1F4CBB229951}.Debug|Win32.Build.0 = Debug|Win32
		{C71CA433-5C57-43DB-BA7E-1F4CBB229951}.Debug|x64.ActiveCfg = Debug|x64
		{C71CA433-5C57-43DB-BA7E-1F4CBB229951}.Debug|x64.Build.0 = Debug|x64
		{C71CA433-5C57-43DB-BA7E-1F4CBB229951}.Release|Any CPU.ActiveCfg = Release|Win32
		{C71CA433-5C57-43DB-BA7E-1F4CBB229951}.Release|Mixed Platforms.ActiveCfg = Release|x64
		{C71CA433-5C57-43DB-BA7E-1F4CBB229951}.Release|Mixed Platforms.Build.0 = Release|x64
		{C71CA433-5C57-43DB-BA7E-1F4CBB229951}.Release|Win32.ActiveCfg = Release|Win32
		{C71CA433-5C57-43DB-BA7E-1F4CBB229951}.Release|Win32.Build.0 = Release|Win32
		{C71CA433-5C57-43DB-BA7E-1F4CBB229951}.Release|x64.ActiveCfg = Release|x64
		{C71CA433-5C57-43DB-BA7E-1F4CBB229951}.Release|x64.Build.0 = Release|x64
		{2C9A3646-95BE-4168-AD77-57DBFC0E55A4}.Debug|Any CPU.ActiveCfg = Debug|x64
		{2C9A3646-95BE-4168-AD77-57DBFC0E55A4}.Debug|Mixed Platforms.ActiveCfg = Debug|x64
		{2C9A3646-95BE-4168-AD77-57DBFC0E55A4}.Debug|Mixed Platforms.Build.0 = Debug|x64
		{2C9A3646-95BE-4168-AD77-57DBFC0E55A4}.Debug|Win32.ActiveCfg = Debug|Win32
		{2C9A3646-95BE-4168-AD77-57DBFC0E55A4}.Debug|Win32.Build.0 = Debug|Win32
		{2C9A3646-95BE-4168-AD77-57DBFC0E55A4}.Debug|x64.ActiveCfg = Debug|x64
		{2C9A3646-95BE-4168-AD77-57DBFC0E55A4}.Debug|x64.Build.0 = Debug|x64
		{2C9A3646-95BE-4168-AD77-57DBFC0E55A4}.Release|Any CPU.ActiveCfg = Release|x64
		{2C9A3646-95BE-4168-AD77-57DBFC0E55A4}.Release|Mixed Platforms.ActiveCfg = Release|x64
		{2C9A3646-95BE-4168-AD77-57DBFC0E55A4}.Release|Mixed Platforms.Build.0 = Release|x64
		{2C9A3646-95BE-4168-AD77-57DBFC0E55A4}.Release|Win32.ActiveCfg = Release|Win32
		{2C9A3646-95BE-4168-AD77-57DBFC0E55A4}.Release|Win32.Build.0 = Release|Win32
		{2C9A3646-95BE-4168-AD77-57DBFC0E55A4}.Release|x64.ActiveCfg = Release|x64
		{2C9A3646-95BE-4168-AD77-57DBFC0E55A4}.Release|x64.Build.0 = Release|x64
		{472145E5-F493-4DD4-AC4B-05AE3189245F}.Debug|Any CPU.ActiveCfg = Debug|x64
		{472145E5-F493-4DD4-AC4B-05AE3189245F}.Debug|Mixed Platforms.ActiveCfg = Debug|x64
		{472145E5-F493-4DD4-AC4B-05AE3189245F}.Debug|Mixed Platforms.Build.0 = Debug|x64
		{472145E5-F493-4DD4-AC4B-05AE3189245F}.Debug|Win32.ActiveCfg = Debug|Win32
		{472145E5-F493-4DD4-AC4B-05AE3189245F}.Debug|Win32.Build.0 = Debug|Win32
		{472145E5-F493-4DD4-AC4B-05AE3189245F}.Debug|x64.ActiveCfg = Debug|x64
		{472145E5-F493-4DD4-AC4B-05AE3189245F}.Debug|x64.Build.0 = Debug|x64
		{472145E5-F493-4DD4-AC4B-05AE3189245F}.Release|Any CPU.ActiveCfg = Release|x64
		{472145E5-F493-4DD4-AC4B-05AE3189245F}.Release|Mixed Platforms.ActiveCfg = Release|x64
		{472145E5-F493-4DD4-AC4B-05AE3189245F}.Release|Mixed Platforms.Build.0 = Release|x64
		{472145E5-F493-4DD4-AC4B-05AE3189245F}.Release|Win32.ActiveCfg = Release|Win32
		{472145E5-F493-4DD4-AC4B-05AE3189245F}.Release|Win32.Build.0 = Release|Win32
		{472145E5-F493-4DD4-AC4B-05AE3189245F}.Release|x64.ActiveCfg = Release|x64
		{472145E5-F493-4DD4-AC4B-05AE3189245F}.Release|x64.Build.0 = Release|x64
		{D6409417-3FC6-4EF2-9AFC-04CC54CC71CF}.Debug|Any CPU.ActiveCfg = Debug|x64
		{D6409417-3FC6-4EF2-9AFC-04CC54CC71CF}.Debug|Mixed Platforms.ActiveCfg = Debug|x64
		{D6409417-3FC6-4EF2-9AFC-04CC54CC71CF}.Debug|Mixed Platforms.Build.0 = Debug|x64
		{D6409417-3FC6-4EF2-9AFC-04CC54CC71CF}.Debug|Win32.ActiveCfg = Debug|Win32
		{D6409417-3FC6-4EF2-9AFC-04CC54CC71CF}.Debug|Win32.Build.0 = Debug|Win32
		{D6409417-3FC6-4EF2-9AFC-04CC54CC71CF}.Debug|x64.ActiveCfg = Debug|x64
		{D6409417-3FC6-4EF2-9AFC-04CC54CC71CF}.Debug|x64.Build.0 = Debug|x64
		{D6409417-3FC6-4EF2-9AFC-04CC54CC71CF}.Release|Any CPU.ActiveCfg = Release|x64
		{D6409417-3FC6-4EF2-9AFC-04CC54CC71CF}.Release|Mixed Platforms.ActiveCfg = Release|x64
		{D6409417-3FC6-4EF2-9AFC-04CC54CC71CF}.Release|Mixed Platforms.Build.0 = Release|x64
		{D6409417-3FC6-4EF2-9AFC-04CC54CC71CF}.Release|Win32.ActiveCfg = Release|Win32
		{D6409417-3FC6-4EF2-9AFC-04CC54CC71CF}.Release|Win32.Build.0 = Release|Win32
		{D6409417-3FC6-4EF2-9AFC-04CC54CC71CF}.Release|x64.ActiveCfg = Release|x64
		{D6409417-3FC6-4EF2-9AFC-04CC54CC71CF}.Release|x64.Build.0 = Release|x64
		{A06AD1D0-414A-496D-89AC-8667F1019D75}.Debug|Any CPU.ActiveCfg = Debug|Any CPU
		{A06AD1D0-414A-496D-89AC-8667F1019D75}.Debug|Any CPU.Build.0 = Debug|Any CPU
		{A06AD1D0-414A-496D-89AC-8667F1019D75}.Debug|Mixed Platforms.ActiveCfg = Debug|Any CPU
		{A06AD1D0-414A-496D-89AC-8667F1019D75}.Debug|Mixed Platforms.Build.0 = Debug|Any CPU
		{A06AD1D0-414A-496D-89AC-8667F1019D75}.Debug|Win32.ActiveCfg = Debug|Any CPU
		{A06AD1D0-414A-496D-89AC-8667F1019D75}.Debug|Win32.Build.0 = Debug|Any CPU
		{A06AD1D0-414A-496D-89AC-8667F1019D75}.Debug|x64.ActiveCfg = Debug|Any CPU
		{A06AD1D0-414A-496D-89AC-8667F1019D75}.Debug|x64.Build.0 = Debug|Any CPU
		{A06AD1D0-414A-496D-89AC-8667F1019D75}.Release|Any CPU.ActiveCfg = Release|Any CPU
		{A06AD1D0-414A-496D-89AC-8667F1019D75}.Release|Any CPU.Build.0 = Release|Any CPU
		{A06AD1D0-414A-496D-89AC-8667F1019D75}.Release|Mixed Platforms.ActiveCfg = Release|Any CPU
		{A06AD1D0-414A-496D-89AC-8667F1019D75}.Release|Mixed Platforms.Build.0 = Release|Any CPU
		{A06AD1D0-414A-496D-89AC-8667F1019D75}.Release|Win32.ActiveCfg = Release|Any CPU
		{A06AD1D0-414A-496D-89AC-8667F1019D75}.Release|Win32.Build.0 = Release|Any CPU
		{A06AD1D0-414A-496D-89AC-8667F1019D75}.Release|x64.ActiveCfg = Release|Any CPU
		{A06AD1D0-414A-496D-89AC-8667F1019D75}.Release|x64.Build.0 = Release|Any CPU
		{D46B74F8-444E-4536-81CC-B08444E7B819}.Debug|Any CPU.ActiveCfg = Debug|Win32
		{D46B74F8-444E-4536-81CC-B08444E7B819}.Debug|Mixed Platforms.ActiveCfg = Debug|x64
		{D46B74F8-444E-4536-81CC-B08444E7B819}.Debug|Mixed Platforms.Build.0 = Debug|x64
		{D46B74F8-444E-4536-81CC-B08444E7B819}.Debug|Win32.ActiveCfg = Debug|Win32
		{D46B74F8-444E-4536-81CC-B08444E7B819}.Debug|Win32.Build.0 = Debug|Win32
		{D46B74F8-444E-4536-81CC-B08444E7B819}.Debug|x64.ActiveCfg = Debug|x64
		{D46B74F8-444E-4536-81CC-B08444E7B819}.Debug|x64.Build.0 = Debug|x64
		{D46B74F8-444E-4536-81CC-B08444E7B819}.Release|Any CPU.ActiveCfg = Release|Win32
		{D46B74F8-444E-4536-81CC-B08444E7B819}.Release|Mixed Platforms.ActiveCfg = Release|x64
		{D46B74F8-444E-4536-81CC-B08444E7B819}.Release|Mixed Platforms.Build.0 = Release|x64
		{D46B74F8-444E-4536-81CC-B08444E7B819}.Release|Win32.ActiveCfg = Release|Win32
		{D46B74F8-444E-4536-81CC-B08444E7B819}.Release|Win32.Build.0 = Release|Win32
		{D46B74F8-444E-4536-81CC-B08444E7B819}.Release|x64.ActiveCfg = Release|x64
		{D46B74F8-444E-4536-81CC-B08444E7B819}.Release|x64.Build.0 = Release|x64
		{BF7D0622-E565-4DCB-9219-B767D56F2593}.Debug|Any CPU.ActiveCfg = Debug|x64
		{BF7D0622-E565-4DCB-9219-B767D56F2593}.Debug|Mixed Platforms.ActiveCfg = Debug|x64
		{BF7D0622-E565-4DCB-9219-B767D56F2593}.Debug|Mixed Platforms.Build.0 = Debug|x64
		{BF7D0622-E565-4DCB-9219-B767D56F2593}.Debug|Win32.ActiveCfg = Debug|Win32
		{BF7D0622-E565-4DCB-9219-B767D56F2593}.Debug|Win32.Build.0 = Debug|Win32
		{BF7D0622-E565-4DCB-9219-B767D56F2593}.Debug|x64.ActiveCfg = Debug|x64
		{BF7D0622-E565-4DCB-9219-B767D56F2593}.Debug|x64.Build.0 = Debug|x64
		{BF7D0622-E565-4DCB-9219-B767D56F2593}.Release|Any CPU.ActiveCfg = Release|x64
		{BF7D0622-E565-4DCB-9219-B767D56F2593}.Release|Mixed Platforms.ActiveCfg = Release|x64
		{BF7D0622-E565-4DCB-9219-B767D56F2593}.Release|Mixed Platforms.Build.0 = Release|x64
		{BF7D0622-E565-4DCB-9219-B767D56F2593}.Release|Win32.ActiveCfg = Release|Win32
		{BF7D0622-E565-4DCB-9219-B767D56F2593}.Release|Win32.Build.0 = Release|Win32
		{BF7D0622-E565-4DCB-9219-B767D56F2593}.Release|x64.ActiveCfg = Release|x64
		{BF7D0622-E565-4DCB-9219-B767D56F2593}.Release|x64.Build.0 = Release|x64
		{2F06810E-6EB2-4E94-A6A4-C129B5CCAD81}.Debug|Any CPU.ActiveCfg = Debug|Any CPU
		{2F06810E-6EB2-4E94-A6A4-C129B5CCAD81}.Debug|Any CPU.Build.0 = Debug|Any CPU
		{2F06810E-6EB2-4E94-A6A4-C129B5CCAD81}.Debug|Mixed Platforms.ActiveCfg = Debug|Any CPU
		{2F06810E-6EB2-4E94-A6A4-C129B5CCAD81}.Debug|Mixed Platforms.Build.0 = Debug|Any CPU
		{2F06810E-6EB2-4E94-A6A4-C129B5CCAD81}.Debug|Win32.ActiveCfg = Debug|Any CPU
		{2F06810E-6EB2-4E94-A6A4-C129B5CCAD81}.Debug|Win32.Build.0 = Debug|Any CPU
		{2F06810E-6EB2-4E94-A6A4-C129B5CCAD81}.Debug|x64.ActiveCfg = Debug|Any CPU
		{2F06810E-6EB2-4E94-A6A4-C129B5CCAD81}.Release|Any CPU.ActiveCfg = Release|Any CPU
		{2F06810E-6EB2-4E94-A6A4-C129B5CCAD81}.Release|Any CPU.Build.0 = Release|Any CPU
		{2F06810E-6EB2-4E94-A6A4-C129B5CCAD81}.Release|Mixed Platforms.ActiveCfg = Release|Any CPU
		{2F06810E-6EB2-4E94-A6A4-C129B5CCAD81}.Release|Mixed Platforms.Build.0 = Release|Any CPU
		{2F06810E-6EB2-4E94-A6A4-C129B5CCAD81}.Release|Win32.ActiveCfg = Release|Any CPU
		{2F06810E-6EB2-4E94-A6A4-C129B5CCAD81}.Release|x64.ActiveCfg = Release|Any CPU
	EndGlobalSection
	GlobalSection(SolutionProperties) = preSolution
		HideSolutionNode = FALSE
	EndGlobalSection
	GlobalSection(NestedProjects) = preSolution
		{7B804D93-5BED-44B3-94E6-4CC7F32F3B07} = {83A6E92A-C9C4-4634-B1E7-357467A9340E}
		{84C9E16A-93E3-4105-A3AF-0533131EB43D} = {E71E9608-6EDD-4A4D-A173-BF6B337549A3}
		{3BD999A4-1ED7-4A98-9AEE-91EBA7D6CAF9} = {E71E9608-6EDD-4A4D-A173-BF6B337549A3}
		{472145E5-F493-4DD4-AC4B-05AE3189245F} = {E71E9608-6EDD-4A4D-A173-BF6B337549A3}
		{D6409417-3FC6-4EF2-9AFC-04CC54CC71CF} = {E71E9608-6EDD-4A4D-A173-BF6B337549A3}
		{0DA7E84B-98C6-49B4-89E9-C685FA3C928D} = {46C64A91-C1B1-48D2-89B0-B102895144B7}
		{2F06810E-6EB2-4E94-A6A4-C129B5CCAD81} = {46C64A91-C1B1-48D2-89B0-B102895144B7}
		{D52CAE91-2B4B-4061-BD21-1C9F39426386} = {46C64A91-C1B1-48D2-89B0-B102895144B7}
	EndGlobalSection
	GlobalSection(TeamFoundationVersionControl) = preSolution
		SccNumberOfProjects = 7
		SccEnterpriseProvider = {4CA58AB2-18FA-4F8D-95D4-32DDF27D184C}
		SccTeamFoundationServer = http://cybertfs.msp.cyberoptics.com:8080/
		SccLocalPath0 = .
		SccProjectUniqueName1 = CyberStitchTester.csproj
		SccLocalPath1 = .
		SccProjectUniqueName2 = ..\\..\\logic\\CyberStitch\\CyberStitch.vcxproj
		SccProjectName2 = ../../logic/CyberStitch
		SccLocalPath2 = ..\\..\\logic\\CyberStitch
		SccProjectUniqueName3 = ..\\..\\logic\\ManagedCyberStitch\\ManagedCyberStitch.vcxproj
		SccProjectName3 = ../../logic/ManagedCyberStitch
		SccLocalPath3 = ..\\..\\logic\\ManagedCyberStitch
		SccProjectUniqueName4 = ..\\..\\GetExternalDeps\\GetExternalDeps.vcxproj
		SccProjectName4 = ../../GetExternalDeps
		SccLocalPath4 = ..\\..\\GetExternalDeps
		SccProjectUniqueName5 = ..\\..\\logic\\ImageDefines\\ImageDefines.vcxproj
		SccProjectName5 = ../../logic/ImageDefines
		SccLocalPath5 = ..\\..\\logic\\ImageDefines
	EndGlobalSection
EndGlobal
